
Microsoft Visual Studio Solution File, Format Version 12.00
# Visual Studio 15
VisualStudioVersion = 15.0.28010.0
MinimumVisualStudioVersion = 10.0.40219.1
Project("{FAE04EC0-301F-11D3-BF4B-00C04F79EFBC}") = "Phnx.AspNet", "Phnx.AspNet\Phnx.AspNet.csproj", "{4AD2C111-CB5A-4A14-A62F-66E85D175E32}"
EndProject
Global
	GlobalSection(SolutionConfigurationPlatforms) = preSolution
		Debug|Any CPU = Debug|Any CPU
		Release|Any CPU = Release|Any CPU
	EndGlobalSection
	GlobalSection(ProjectConfigurationPlatforms) = postSolution
		{4AD2C111-CB5A-4A14-A62F-66E85D175E32}.Debug|Any CPU.ActiveCfg = Debug|Any CPU
		{4AD2C111-CB5A-4A14-A62F-66E85D175E32}.Debug|Any CPU.Build.0 = Debug|Any CPU
		{4AD2C111-CB5A-4A14-A62F-66E85D175E32}.Release|Any CPU.ActiveCfg = Release|Any CPU
		{4AD2C111-CB5A-4A14-A62F-66E85D175E32}.Release|Any CPU.Build.0 = Release|Any CPU
	EndGlobalSection
	GlobalSection(SolutionProperties) = preSolution
		HideSolutionNode = FALSE
	EndGlobalSection
	GlobalSection(ExtensibilityGlobals) = postSolution
		SolutionGuid = {59838B6E-AA8F-46B9-A672-D3DC3D1609F3}
	EndGlobalSection
EndGlobal
