
Microsoft Visual Studio Solution File, Format Version 12.00
# Visual Studio 15
VisualStudioVersion = 15.0.28010.0
MinimumVisualStudioVersion = 10.0.40219.1
Project("{9A19103F-16F7-4668-BE54-9A1E7A4F7556}") = "Phnx.Random", "Phnx.Random\Phnx.Random.csproj", "{2F14616D-D7A1-46DF-86C6-1A853CE5C0E9}"
EndProject
Project("{FAE04EC0-301F-11D3-BF4B-00C04F79EFBC}") = "Phnx.Random.Tests", "Phnx.Random.Tests\Phnx.Random.Tests.csproj", "{87B9FDF3-F0E2-4022-95EF-3E96D55AC72A}"
EndProject
Global
	GlobalSection(SolutionConfigurationPlatforms) = preSolution
		Debug|Any CPU = Debug|Any CPU
		Release|Any CPU = Release|Any CPU
	EndGlobalSection
	GlobalSection(ProjectConfigurationPlatforms) = postSolution
		{2F14616D-D7A1-46DF-86C6-1A853CE5C0E9}.Debug|Any CPU.ActiveCfg = Debug|Any CPU
		{2F14616D-D7A1-46DF-86C6-1A853CE5C0E9}.Debug|Any CPU.Build.0 = Debug|Any CPU
		{2F14616D-D7A1-46DF-86C6-1A853CE5C0E9}.Release|Any CPU.ActiveCfg = Release|Any CPU
		{2F14616D-D7A1-46DF-86C6-1A853CE5C0E9}.Release|Any CPU.Build.0 = Release|Any CPU
		{87B9FDF3-F0E2-4022-95EF-3E96D55AC72A}.Debug|Any CPU.ActiveCfg = Debug|Any CPU
		{87B9FDF3-F0E2-4022-95EF-3E96D55AC72A}.Debug|Any CPU.Build.0 = Debug|Any CPU
		{87B9FDF3-F0E2-4022-95EF-3E96D55AC72A}.Release|Any CPU.ActiveCfg = Release|Any CPU
		{87B9FDF3-F0E2-4022-95EF-3E96D55AC72A}.Release|Any CPU.Build.0 = Release|Any CPU
	EndGlobalSection
	GlobalSection(SolutionProperties) = preSolution
		HideSolutionNode = FALSE
	EndGlobalSection
	GlobalSection(ExtensibilityGlobals) = postSolution
		SolutionGuid = {29345CE8-9BC0-4B3F-B500-116C7C0CFE70}
	EndGlobalSection
EndGlobal
