
Microsoft Visual Studio Solution File, Format Version 12.00
# Visual Studio 15
VisualStudioVersion = 15.0.27130.2036
MinimumVisualStudioVersion = 10.0.40219.1
Project("{9A19103F-16F7-4668-BE54-9A1E7A4F7556}") = "MarkSFrancis", "MarkSFrancis\MarkSFrancis.csproj", "{B6018D31-3F76-4558-8119-466314B7DAEF}"
EndProject
Project("{9A19103F-16F7-4668-BE54-9A1E7A4F7556}") = "MarkSFrancis.Console", "MarkSFrancis.Console\MarkSFrancis.Console.csproj", "{057AA0D2-2B6E-4FC3-9253-D6E7E7E48B2D}"
EndProject
Project("{9A19103F-16F7-4668-BE54-9A1E7A4F7556}") = "MarkSFrancis.Reflection", "MarkSFrancis.Reflection\MarkSFrancis.Reflection.csproj", "{4B5795C8-B068-4C30-B782-BD842FFB7D6D}"
EndProject
Project("{9A19103F-16F7-4668-BE54-9A1E7A4F7556}") = "MarkSFrancis.Collections", "MarkSFrancis.Collections\MarkSFrancis.Collections.csproj", "{7E88D1F4-B07E-4E23-9F1B-A009911021EA}"
EndProject
Project("{9A19103F-16F7-4668-BE54-9A1E7A4F7556}") = "MarkSFrancis.Data", "MarkSFrancis.Data\MarkSFrancis.Data.csproj", "{F90EE708-3E55-48F1-8B73-AE56F635CF3F}"
EndProject
Project("{9A19103F-16F7-4668-BE54-9A1E7A4F7556}") = "SyntaxTest", "SyntaxTest\SyntaxTest.csproj", "{F062FCD7-19F1-4B66-BCAB-C0FB1DB7B30B}"
EndProject
Project("{2150E333-8FDC-42A3-9474-1A3956D46DE8}") = "Windows", "Windows", "{BCC7CBC7-7B54-4758-AC67-4EE8A7BEB26C}"
EndProject
Project("{FAE04EC0-301F-11D3-BF4B-00C04F79EFBC}") = "MarkSFrancis.Windows.Extensions", "Windows\MarkSFrancis.Windows.DotNetExtensions\MarkSFrancis.Windows.Extensions.csproj", "{241985EE-B9F2-40EC-A16D-B9FF3746DA36}"
EndProject
Project("{2150E333-8FDC-42A3-9474-1A3956D46DE8}") = "AspNet", "AspNet", "{4B6BDD07-EAB4-4323-B045-B0BFC494756B}"
EndProject
Project("{2150E333-8FDC-42A3-9474-1A3956D46DE8}") = "Windows", "Windows", "{B3BF9EDB-75C5-4946-BA49-A6E6BD463758}"
EndProject
Project("{FAE04EC0-301F-11D3-BF4B-00C04F79EFBC}") = "MarkSFrancis.AspNet.Windows.Extensions", "AspNet\Windows\MarkSFrancis.AspNet.Windows.Extensions\MarkSFrancis.AspNet.Windows.Extensions.csproj", "{F40DE857-B44D-4103-9138-6C71CBAD5123}"
EndProject
Project("{FAE04EC0-301F-11D3-BF4B-00C04F79EFBC}") = "MarkSFrancis.AspNet.Windows.Modals", "AspNet\Windows\MarkSFrancis.AspNet.Windows.Modals\MarkSFrancis.AspNet.Windows.Modals.csproj", "{9A59E360-31F3-40C3-93C0-497A5A5D99ED}"
EndProject
Project("{FAE04EC0-301F-11D3-BF4B-00C04F79EFBC}") = "MarkSFrancis.AspNet.Windows", "AspNet\Windows\MarkSFrancis.AspNet.Windows\MarkSFrancis.AspNet.Windows.csproj", "{4AD2C111-CB5A-4A14-A62F-66E85D175E32}"
EndProject
Project("{9A19103F-16F7-4668-BE54-9A1E7A4F7556}") = "MarkSFrancis.Benchmark", "MarkSFrancis.Benchmark\MarkSFrancis.Benchmark.csproj", "{C61D13C9-6893-4C7D-92AC-A1047553FF65}"
EndProject
Project("{2150E333-8FDC-42A3-9474-1A3956D46DE8}") = "IO", "IO", "{5783F05D-B833-433D-B217-CB4A365E3566}"
EndProject
Project("{9A19103F-16F7-4668-BE54-9A1E7A4F7556}") = "MarkSFrancis.IO.DelimitedData", "IO\MarkSFrancis.IO.DelimitedData\MarkSFrancis.IO.DelimitedData.csproj", "{024CAA11-3192-4AE1-A2DE-C1E5243202D7}"
EndProject
Project("{9A19103F-16F7-4668-BE54-9A1E7A4F7556}") = "MarkSFrancis.IO.Threaded", "IO\MarkSFrancis.IO.Threaded\MarkSFrancis.IO.Threaded.csproj", "{6DC472FA-82A5-4A41-A395-EBF5AEA5224A}"
EndProject
Project("{9A19103F-16F7-4668-BE54-9A1E7A4F7556}") = "MarkSFrancis.Configuration", "MarkSFrancis.Configuration\MarkSFrancis.Configuration.csproj", "{0BB29485-8289-442E-8E5B-875CD12BDDD9}"
EndProject
Project("{9A19103F-16F7-4668-BE54-9A1E7A4F7556}") = "MarkSFrancis.Security", "MarkSFrancis.Security\MarkSFrancis.Security.csproj", "{B4203FBF-7C1F-444C-A8E3-BCA992250A15}"
EndProject
Project("{2150E333-8FDC-42A3-9474-1A3956D46DE8}") = "Tests", "Tests", "{CE6AC12D-8738-4F9A-A14D-25E96EDD57BE}"
EndProject
Project("{2150E333-8FDC-42A3-9474-1A3956D46DE8}") = "IO", "IO", "{726C2013-CCD6-45E1-9075-9B9AE9F400FB}"
EndProject
Project("{9A19103F-16F7-4668-BE54-9A1E7A4F7556}") = "MarkSFrancis.IO.Json", "IO\MarkSFrancis.IO.Json\MarkSFrancis.IO.Json.csproj", "{9F0A329C-B364-49A0-B720-D9A9CFAC31D3}"
EndProject
Project("{9A19103F-16F7-4668-BE54-9A1E7A4F7556}") = "MarkSFrancis.IO", "IO\MarkSFrancis.IO\MarkSFrancis.IO.csproj", "{DDCC1ECC-93ED-41FD-BEE0-8FAD52D50004}"
EndProject
Project("{9A19103F-16F7-4668-BE54-9A1E7A4F7556}") = "MarkSFrancis.IO.Threaded.Tests", "Tests\IO\MarkSFrancis.IO.Threaded.Tests\MarkSFrancis.IO.Threaded.Tests.csproj", "{43E0863B-D831-41EC-930B-BF217FC8BBF8}"
EndProject
Project("{9A19103F-16F7-4668-BE54-9A1E7A4F7556}") = "MarkSFrancis.IO.DelimitedData.Tests", "Tests\IO\MarkSFrancis.IO.DelimitedData.Tests\MarkSFrancis.IO.DelimitedData.Tests.csproj", "{0AC1E3FE-C047-48ED-9ECC-1606339FCE9D}"
EndProject
Project("{9A19103F-16F7-4668-BE54-9A1E7A4F7556}") = "MarkSFrancis.Security.Tests", "Tests\MarkSFrancis.Security.Tests\MarkSFrancis.Security.Tests.csproj", "{48D0026F-2B7D-4FB2-A48A-A4AFD108DF6D}"
EndProject
Project("{9A19103F-16F7-4668-BE54-9A1E7A4F7556}") = "MarkSFrancis.Random", "Random\MarkSFrancis.Random\MarkSFrancis.Random.csproj", "{E7274763-2C9D-4F0F-B616-811256B35CDD}"
EndProject
Project("{2150E333-8FDC-42A3-9474-1A3956D46DE8}") = "Random", "Random", "{1571A99B-2C4C-44B3-B274-7EDCFEDAF326}"
EndProject
Project("{9A19103F-16F7-4668-BE54-9A1E7A4F7556}") = "MarkSFrancis.Random.Data", "Random\MarkSFrancis.Random.Data\MarkSFrancis.Random.Data.csproj", "{CA49E46B-EF6D-44A7-B9A7-49A1D9F2D9DD}"
EndProject
Global
	GlobalSection(SolutionConfigurationPlatforms) = preSolution
		Debug|Any CPU = Debug|Any CPU
		Release|Any CPU = Release|Any CPU
	EndGlobalSection
	GlobalSection(ProjectConfigurationPlatforms) = postSolution
		{B6018D31-3F76-4558-8119-466314B7DAEF}.Debug|Any CPU.ActiveCfg = Debug|Any CPU
		{B6018D31-3F76-4558-8119-466314B7DAEF}.Debug|Any CPU.Build.0 = Debug|Any CPU
		{B6018D31-3F76-4558-8119-466314B7DAEF}.Release|Any CPU.ActiveCfg = Release|Any CPU
		{B6018D31-3F76-4558-8119-466314B7DAEF}.Release|Any CPU.Build.0 = Release|Any CPU
		{057AA0D2-2B6E-4FC3-9253-D6E7E7E48B2D}.Debug|Any CPU.ActiveCfg = Debug|Any CPU
		{057AA0D2-2B6E-4FC3-9253-D6E7E7E48B2D}.Debug|Any CPU.Build.0 = Debug|Any CPU
		{057AA0D2-2B6E-4FC3-9253-D6E7E7E48B2D}.Release|Any CPU.ActiveCfg = Release|Any CPU
		{057AA0D2-2B6E-4FC3-9253-D6E7E7E48B2D}.Release|Any CPU.Build.0 = Release|Any CPU
		{4B5795C8-B068-4C30-B782-BD842FFB7D6D}.Debug|Any CPU.ActiveCfg = Debug|Any CPU
		{4B5795C8-B068-4C30-B782-BD842FFB7D6D}.Debug|Any CPU.Build.0 = Debug|Any CPU
		{4B5795C8-B068-4C30-B782-BD842FFB7D6D}.Release|Any CPU.ActiveCfg = Release|Any CPU
		{4B5795C8-B068-4C30-B782-BD842FFB7D6D}.Release|Any CPU.Build.0 = Release|Any CPU
		{7E88D1F4-B07E-4E23-9F1B-A009911021EA}.Debug|Any CPU.ActiveCfg = Debug|Any CPU
		{7E88D1F4-B07E-4E23-9F1B-A009911021EA}.Debug|Any CPU.Build.0 = Debug|Any CPU
		{7E88D1F4-B07E-4E23-9F1B-A009911021EA}.Release|Any CPU.ActiveCfg = Release|Any CPU
		{7E88D1F4-B07E-4E23-9F1B-A009911021EA}.Release|Any CPU.Build.0 = Release|Any CPU
		{F90EE708-3E55-48F1-8B73-AE56F635CF3F}.Debug|Any CPU.ActiveCfg = Debug|Any CPU
		{F90EE708-3E55-48F1-8B73-AE56F635CF3F}.Debug|Any CPU.Build.0 = Debug|Any CPU
		{F90EE708-3E55-48F1-8B73-AE56F635CF3F}.Release|Any CPU.ActiveCfg = Release|Any CPU
		{F90EE708-3E55-48F1-8B73-AE56F635CF3F}.Release|Any CPU.Build.0 = Release|Any CPU
		{F062FCD7-19F1-4B66-BCAB-C0FB1DB7B30B}.Debug|Any CPU.ActiveCfg = Debug|Any CPU
		{F062FCD7-19F1-4B66-BCAB-C0FB1DB7B30B}.Debug|Any CPU.Build.0 = Debug|Any CPU
		{F062FCD7-19F1-4B66-BCAB-C0FB1DB7B30B}.Release|Any CPU.ActiveCfg = Release|Any CPU
		{F062FCD7-19F1-4B66-BCAB-C0FB1DB7B30B}.Release|Any CPU.Build.0 = Release|Any CPU
		{241985EE-B9F2-40EC-A16D-B9FF3746DA36}.Debug|Any CPU.ActiveCfg = Debug|Any CPU
		{241985EE-B9F2-40EC-A16D-B9FF3746DA36}.Debug|Any CPU.Build.0 = Debug|Any CPU
		{241985EE-B9F2-40EC-A16D-B9FF3746DA36}.Release|Any CPU.ActiveCfg = Release|Any CPU
		{241985EE-B9F2-40EC-A16D-B9FF3746DA36}.Release|Any CPU.Build.0 = Release|Any CPU
		{F40DE857-B44D-4103-9138-6C71CBAD5123}.Debug|Any CPU.ActiveCfg = Debug|Any CPU
		{F40DE857-B44D-4103-9138-6C71CBAD5123}.Debug|Any CPU.Build.0 = Debug|Any CPU
		{F40DE857-B44D-4103-9138-6C71CBAD5123}.Release|Any CPU.ActiveCfg = Release|Any CPU
		{F40DE857-B44D-4103-9138-6C71CBAD5123}.Release|Any CPU.Build.0 = Release|Any CPU
		{9A59E360-31F3-40C3-93C0-497A5A5D99ED}.Debug|Any CPU.ActiveCfg = Debug|Any CPU
		{9A59E360-31F3-40C3-93C0-497A5A5D99ED}.Debug|Any CPU.Build.0 = Debug|Any CPU
		{9A59E360-31F3-40C3-93C0-497A5A5D99ED}.Release|Any CPU.ActiveCfg = Release|Any CPU
		{9A59E360-31F3-40C3-93C0-497A5A5D99ED}.Release|Any CPU.Build.0 = Release|Any CPU
		{4AD2C111-CB5A-4A14-A62F-66E85D175E32}.Debug|Any CPU.ActiveCfg = Debug|Any CPU
		{4AD2C111-CB5A-4A14-A62F-66E85D175E32}.Debug|Any CPU.Build.0 = Debug|Any CPU
		{4AD2C111-CB5A-4A14-A62F-66E85D175E32}.Release|Any CPU.ActiveCfg = Release|Any CPU
		{4AD2C111-CB5A-4A14-A62F-66E85D175E32}.Release|Any CPU.Build.0 = Release|Any CPU
		{C61D13C9-6893-4C7D-92AC-A1047553FF65}.Debug|Any CPU.ActiveCfg = Debug|Any CPU
		{C61D13C9-6893-4C7D-92AC-A1047553FF65}.Debug|Any CPU.Build.0 = Debug|Any CPU
		{C61D13C9-6893-4C7D-92AC-A1047553FF65}.Release|Any CPU.ActiveCfg = Release|Any CPU
		{C61D13C9-6893-4C7D-92AC-A1047553FF65}.Release|Any CPU.Build.0 = Release|Any CPU
		{024CAA11-3192-4AE1-A2DE-C1E5243202D7}.Debug|Any CPU.ActiveCfg = Debug|Any CPU
		{024CAA11-3192-4AE1-A2DE-C1E5243202D7}.Debug|Any CPU.Build.0 = Debug|Any CPU
		{024CAA11-3192-4AE1-A2DE-C1E5243202D7}.Release|Any CPU.ActiveCfg = Release|Any CPU
		{024CAA11-3192-4AE1-A2DE-C1E5243202D7}.Release|Any CPU.Build.0 = Release|Any CPU
		{6DC472FA-82A5-4A41-A395-EBF5AEA5224A}.Debug|Any CPU.ActiveCfg = Debug|Any CPU
		{6DC472FA-82A5-4A41-A395-EBF5AEA5224A}.Debug|Any CPU.Build.0 = Debug|Any CPU
		{6DC472FA-82A5-4A41-A395-EBF5AEA5224A}.Release|Any CPU.ActiveCfg = Release|Any CPU
		{6DC472FA-82A5-4A41-A395-EBF5AEA5224A}.Release|Any CPU.Build.0 = Release|Any CPU
		{0BB29485-8289-442E-8E5B-875CD12BDDD9}.Debug|Any CPU.ActiveCfg = Debug|Any CPU
		{0BB29485-8289-442E-8E5B-875CD12BDDD9}.Debug|Any CPU.Build.0 = Debug|Any CPU
		{0BB29485-8289-442E-8E5B-875CD12BDDD9}.Release|Any CPU.ActiveCfg = Release|Any CPU
		{0BB29485-8289-442E-8E5B-875CD12BDDD9}.Release|Any CPU.Build.0 = Release|Any CPU
		{B4203FBF-7C1F-444C-A8E3-BCA992250A15}.Debug|Any CPU.ActiveCfg = Debug|Any CPU
		{B4203FBF-7C1F-444C-A8E3-BCA992250A15}.Debug|Any CPU.Build.0 = Debug|Any CPU
		{B4203FBF-7C1F-444C-A8E3-BCA992250A15}.Release|Any CPU.ActiveCfg = Release|Any CPU
		{B4203FBF-7C1F-444C-A8E3-BCA992250A15}.Release|Any CPU.Build.0 = Release|Any CPU
		{9F0A329C-B364-49A0-B720-D9A9CFAC31D3}.Debug|Any CPU.ActiveCfg = Debug|Any CPU
		{9F0A329C-B364-49A0-B720-D9A9CFAC31D3}.Debug|Any CPU.Build.0 = Debug|Any CPU
		{9F0A329C-B364-49A0-B720-D9A9CFAC31D3}.Release|Any CPU.ActiveCfg = Release|Any CPU
		{9F0A329C-B364-49A0-B720-D9A9CFAC31D3}.Release|Any CPU.Build.0 = Release|Any CPU
		{DDCC1ECC-93ED-41FD-BEE0-8FAD52D50004}.Debug|Any CPU.ActiveCfg = Debug|Any CPU
		{DDCC1ECC-93ED-41FD-BEE0-8FAD52D50004}.Debug|Any CPU.Build.0 = Debug|Any CPU
		{DDCC1ECC-93ED-41FD-BEE0-8FAD52D50004}.Release|Any CPU.ActiveCfg = Release|Any CPU
		{DDCC1ECC-93ED-41FD-BEE0-8FAD52D50004}.Release|Any CPU.Build.0 = Release|Any CPU
		{43E0863B-D831-41EC-930B-BF217FC8BBF8}.Debug|Any CPU.ActiveCfg = Debug|Any CPU
		{43E0863B-D831-41EC-930B-BF217FC8BBF8}.Debug|Any CPU.Build.0 = Debug|Any CPU
		{43E0863B-D831-41EC-930B-BF217FC8BBF8}.Release|Any CPU.ActiveCfg = Release|Any CPU
		{43E0863B-D831-41EC-930B-BF217FC8BBF8}.Release|Any CPU.Build.0 = Release|Any CPU
		{0AC1E3FE-C047-48ED-9ECC-1606339FCE9D}.Debug|Any CPU.ActiveCfg = Debug|Any CPU
		{0AC1E3FE-C047-48ED-9ECC-1606339FCE9D}.Debug|Any CPU.Build.0 = Debug|Any CPU
		{0AC1E3FE-C047-48ED-9ECC-1606339FCE9D}.Release|Any CPU.ActiveCfg = Release|Any CPU
		{0AC1E3FE-C047-48ED-9ECC-1606339FCE9D}.Release|Any CPU.Build.0 = Release|Any CPU
		{48D0026F-2B7D-4FB2-A48A-A4AFD108DF6D}.Debug|Any CPU.ActiveCfg = Debug|Any CPU
		{48D0026F-2B7D-4FB2-A48A-A4AFD108DF6D}.Debug|Any CPU.Build.0 = Debug|Any CPU
		{48D0026F-2B7D-4FB2-A48A-A4AFD108DF6D}.Release|Any CPU.ActiveCfg = Release|Any CPU
		{48D0026F-2B7D-4FB2-A48A-A4AFD108DF6D}.Release|Any CPU.Build.0 = Release|Any CPU
		{E7274763-2C9D-4F0F-B616-811256B35CDD}.Debug|Any CPU.ActiveCfg = Debug|Any CPU
		{E7274763-2C9D-4F0F-B616-811256B35CDD}.Debug|Any CPU.Build.0 = Debug|Any CPU
		{E7274763-2C9D-4F0F-B616-811256B35CDD}.Release|Any CPU.ActiveCfg = Release|Any CPU
		{E7274763-2C9D-4F0F-B616-811256B35CDD}.Release|Any CPU.Build.0 = Release|Any CPU
		{CA49E46B-EF6D-44A7-B9A7-49A1D9F2D9DD}.Debug|Any CPU.ActiveCfg = Debug|Any CPU
		{CA49E46B-EF6D-44A7-B9A7-49A1D9F2D9DD}.Debug|Any CPU.Build.0 = Debug|Any CPU
		{CA49E46B-EF6D-44A7-B9A7-49A1D9F2D9DD}.Release|Any CPU.ActiveCfg = Release|Any CPU
		{CA49E46B-EF6D-44A7-B9A7-49A1D9F2D9DD}.Release|Any CPU.Build.0 = Release|Any CPU
	EndGlobalSection
	GlobalSection(SolutionProperties) = preSolution
		HideSolutionNode = FALSE
	EndGlobalSection
	GlobalSection(NestedProjects) = preSolution
		{241985EE-B9F2-40EC-A16D-B9FF3746DA36} = {BCC7CBC7-7B54-4758-AC67-4EE8A7BEB26C}
		{B3BF9EDB-75C5-4946-BA49-A6E6BD463758} = {4B6BDD07-EAB4-4323-B045-B0BFC494756B}
		{F40DE857-B44D-4103-9138-6C71CBAD5123} = {B3BF9EDB-75C5-4946-BA49-A6E6BD463758}
		{9A59E360-31F3-40C3-93C0-497A5A5D99ED} = {B3BF9EDB-75C5-4946-BA49-A6E6BD463758}
		{4AD2C111-CB5A-4A14-A62F-66E85D175E32} = {B3BF9EDB-75C5-4946-BA49-A6E6BD463758}
		{024CAA11-3192-4AE1-A2DE-C1E5243202D7} = {5783F05D-B833-433D-B217-CB4A365E3566}
		{6DC472FA-82A5-4A41-A395-EBF5AEA5224A} = {5783F05D-B833-433D-B217-CB4A365E3566}
		{726C2013-CCD6-45E1-9075-9B9AE9F400FB} = {CE6AC12D-8738-4F9A-A14D-25E96EDD57BE}
		{9F0A329C-B364-49A0-B720-D9A9CFAC31D3} = {5783F05D-B833-433D-B217-CB4A365E3566}
		{DDCC1ECC-93ED-41FD-BEE0-8FAD52D50004} = {5783F05D-B833-433D-B217-CB4A365E3566}
		{43E0863B-D831-41EC-930B-BF217FC8BBF8} = {726C2013-CCD6-45E1-9075-9B9AE9F400FB}
		{0AC1E3FE-C047-48ED-9ECC-1606339FCE9D} = {726C2013-CCD6-45E1-9075-9B9AE9F400FB}
		{48D0026F-2B7D-4FB2-A48A-A4AFD108DF6D} = {CE6AC12D-8738-4F9A-A14D-25E96EDD57BE}
		{E7274763-2C9D-4F0F-B616-811256B35CDD} = {1571A99B-2C4C-44B3-B274-7EDCFEDAF326}
		{CA49E46B-EF6D-44A7-B9A7-49A1D9F2D9DD} = {1571A99B-2C4C-44B3-B274-7EDCFEDAF326}
	EndGlobalSection
	GlobalSection(ExtensibilityGlobals) = postSolution
		SolutionGuid = {1E3ED0F5-43F9-42B8-AA5D-CBA97B7F130F}
	EndGlobalSection
EndGlobal
