
Microsoft Visual Studio Solution File, Format Version 12.00
# Visual Studio Version 16
VisualStudioVersion = 16.0.29424.173
MinimumVisualStudioVersion = 15.0.26124.0
Project("{2150E333-8FDC-42A3-9474-1A3956D46DE8}") = "AspNetCore", "AspNetCore", "{D5B11A46-0DFF-4812-9803-D6B14A873DCC}"
EndProject
Project("{9A19103F-16F7-4668-BE54-9A1E7A4F7556}") = "Phnx.Tests", "src\Phnx.Tests\Phnx.Tests.csproj", "{FED79298-4BCF-4B19-8E34-45F633EB5A88}"
EndProject
Project("{9A19103F-16F7-4668-BE54-9A1E7A4F7556}") = "Phnx.AspNetCore", "src\AspNetCore\Phnx.AspNetCore.csproj", "{0421D743-F1B6-4BFA-9F85-1C0C7AA22608}"
EndProject
Project("{9A19103F-16F7-4668-BE54-9A1E7A4F7556}") = "Phnx.AspNetCore.Tests", "src\AspNetCore.Tests\Phnx.AspNetCore.Tests.csproj", "{EE4BF1F9-B564-43D8-9491-89A8A1FC79D2}"
EndProject
Project("{9A19103F-16F7-4668-BE54-9A1E7A4F7556}") = "Phnx", "src\Phnx\Phnx.csproj", "{20129F97-C996-4927-AC31-337E39A8A336}"
EndProject
Project("{9A19103F-16F7-4668-BE54-9A1E7A4F7556}") = "Playground", "src\Playground\Playground.csproj", "{54FBF019-E34E-499C-9629-5C644374761B}"
EndProject
Project("{2150E333-8FDC-42A3-9474-1A3956D46DE8}") = "Phnx", "Phnx", "{6F736ACC-52E4-47E2-9541-59845B40B0DB}"
EndProject
Global
	GlobalSection(SolutionConfigurationPlatforms) = preSolution
		Debug|Any CPU = Debug|Any CPU
		Debug|x64 = Debug|x64
		Debug|x86 = Debug|x86
		Release|Any CPU = Release|Any CPU
		Release|x64 = Release|x64
		Release|x86 = Release|x86
	EndGlobalSection
	GlobalSection(ProjectConfigurationPlatforms) = postSolution
		{FED79298-4BCF-4B19-8E34-45F633EB5A88}.Debug|Any CPU.ActiveCfg = Debug|Any CPU
		{FED79298-4BCF-4B19-8E34-45F633EB5A88}.Debug|Any CPU.Build.0 = Debug|Any CPU
		{FED79298-4BCF-4B19-8E34-45F633EB5A88}.Debug|x64.ActiveCfg = Debug|Any CPU
		{FED79298-4BCF-4B19-8E34-45F633EB5A88}.Debug|x64.Build.0 = Debug|Any CPU
		{FED79298-4BCF-4B19-8E34-45F633EB5A88}.Debug|x86.ActiveCfg = Debug|Any CPU
		{FED79298-4BCF-4B19-8E34-45F633EB5A88}.Debug|x86.Build.0 = Debug|Any CPU
		{FED79298-4BCF-4B19-8E34-45F633EB5A88}.Release|Any CPU.ActiveCfg = Release|Any CPU
		{FED79298-4BCF-4B19-8E34-45F633EB5A88}.Release|Any CPU.Build.0 = Release|Any CPU
		{FED79298-4BCF-4B19-8E34-45F633EB5A88}.Release|x64.ActiveCfg = Release|Any CPU
		{FED79298-4BCF-4B19-8E34-45F633EB5A88}.Release|x64.Build.0 = Release|Any CPU
		{FED79298-4BCF-4B19-8E34-45F633EB5A88}.Release|x86.ActiveCfg = Release|Any CPU
		{FED79298-4BCF-4B19-8E34-45F633EB5A88}.Release|x86.Build.0 = Release|Any CPU
		{0421D743-F1B6-4BFA-9F85-1C0C7AA22608}.Debug|Any CPU.ActiveCfg = Debug|Any CPU
		{0421D743-F1B6-4BFA-9F85-1C0C7AA22608}.Debug|Any CPU.Build.0 = Debug|Any CPU
		{0421D743-F1B6-4BFA-9F85-1C0C7AA22608}.Debug|x64.ActiveCfg = Debug|Any CPU
		{0421D743-F1B6-4BFA-9F85-1C0C7AA22608}.Debug|x64.Build.0 = Debug|Any CPU
		{0421D743-F1B6-4BFA-9F85-1C0C7AA22608}.Debug|x86.ActiveCfg = Debug|Any CPU
		{0421D743-F1B6-4BFA-9F85-1C0C7AA22608}.Debug|x86.Build.0 = Debug|Any CPU
		{0421D743-F1B6-4BFA-9F85-1C0C7AA22608}.Release|Any CPU.ActiveCfg = Release|Any CPU
		{0421D743-F1B6-4BFA-9F85-1C0C7AA22608}.Release|Any CPU.Build.0 = Release|Any CPU
		{0421D743-F1B6-4BFA-9F85-1C0C7AA22608}.Release|x64.ActiveCfg = Release|Any CPU
		{0421D743-F1B6-4BFA-9F85-1C0C7AA22608}.Release|x64.Build.0 = Release|Any CPU
		{0421D743-F1B6-4BFA-9F85-1C0C7AA22608}.Release|x86.ActiveCfg = Release|Any CPU
		{0421D743-F1B6-4BFA-9F85-1C0C7AA22608}.Release|x86.Build.0 = Release|Any CPU
		{EE4BF1F9-B564-43D8-9491-89A8A1FC79D2}.Debug|Any CPU.ActiveCfg = Debug|Any CPU
		{EE4BF1F9-B564-43D8-9491-89A8A1FC79D2}.Debug|Any CPU.Build.0 = Debug|Any CPU
		{EE4BF1F9-B564-43D8-9491-89A8A1FC79D2}.Debug|x64.ActiveCfg = Debug|Any CPU
		{EE4BF1F9-B564-43D8-9491-89A8A1FC79D2}.Debug|x64.Build.0 = Debug|Any CPU
		{EE4BF1F9-B564-43D8-9491-89A8A1FC79D2}.Debug|x86.ActiveCfg = Debug|Any CPU
		{EE4BF1F9-B564-43D8-9491-89A8A1FC79D2}.Debug|x86.Build.0 = Debug|Any CPU
		{EE4BF1F9-B564-43D8-9491-89A8A1FC79D2}.Release|Any CPU.ActiveCfg = Release|Any CPU
		{EE4BF1F9-B564-43D8-9491-89A8A1FC79D2}.Release|Any CPU.Build.0 = Release|Any CPU
		{EE4BF1F9-B564-43D8-9491-89A8A1FC79D2}.Release|x64.ActiveCfg = Release|Any CPU
		{EE4BF1F9-B564-43D8-9491-89A8A1FC79D2}.Release|x64.Build.0 = Release|Any CPU
		{EE4BF1F9-B564-43D8-9491-89A8A1FC79D2}.Release|x86.ActiveCfg = Release|Any CPU
		{EE4BF1F9-B564-43D8-9491-89A8A1FC79D2}.Release|x86.Build.0 = Release|Any CPU
		{20129F97-C996-4927-AC31-337E39A8A336}.Debug|Any CPU.ActiveCfg = Debug|Any CPU
		{20129F97-C996-4927-AC31-337E39A8A336}.Debug|Any CPU.Build.0 = Debug|Any CPU
		{20129F97-C996-4927-AC31-337E39A8A336}.Debug|x64.ActiveCfg = Debug|Any CPU
		{20129F97-C996-4927-AC31-337E39A8A336}.Debug|x64.Build.0 = Debug|Any CPU
		{20129F97-C996-4927-AC31-337E39A8A336}.Debug|x86.ActiveCfg = Debug|Any CPU
		{20129F97-C996-4927-AC31-337E39A8A336}.Debug|x86.Build.0 = Debug|Any CPU
		{20129F97-C996-4927-AC31-337E39A8A336}.Release|Any CPU.ActiveCfg = Release|Any CPU
		{20129F97-C996-4927-AC31-337E39A8A336}.Release|Any CPU.Build.0 = Release|Any CPU
		{20129F97-C996-4927-AC31-337E39A8A336}.Release|x64.ActiveCfg = Release|Any CPU
		{20129F97-C996-4927-AC31-337E39A8A336}.Release|x64.Build.0 = Release|Any CPU
		{20129F97-C996-4927-AC31-337E39A8A336}.Release|x86.ActiveCfg = Release|Any CPU
		{20129F97-C996-4927-AC31-337E39A8A336}.Release|x86.Build.0 = Release|Any CPU
		{54FBF019-E34E-499C-9629-5C644374761B}.Debug|Any CPU.ActiveCfg = Debug|Any CPU
		{54FBF019-E34E-499C-9629-5C644374761B}.Debug|Any CPU.Build.0 = Debug|Any CPU
		{54FBF019-E34E-499C-9629-5C644374761B}.Debug|x64.ActiveCfg = Debug|Any CPU
		{54FBF019-E34E-499C-9629-5C644374761B}.Debug|x64.Build.0 = Debug|Any CPU
		{54FBF019-E34E-499C-9629-5C644374761B}.Debug|x86.ActiveCfg = Debug|Any CPU
		{54FBF019-E34E-499C-9629-5C644374761B}.Debug|x86.Build.0 = Debug|Any CPU
		{54FBF019-E34E-499C-9629-5C644374761B}.Release|Any CPU.ActiveCfg = Release|Any CPU
		{54FBF019-E34E-499C-9629-5C644374761B}.Release|Any CPU.Build.0 = Release|Any CPU
		{54FBF019-E34E-499C-9629-5C644374761B}.Release|x64.ActiveCfg = Release|Any CPU
		{54FBF019-E34E-499C-9629-5C644374761B}.Release|x64.Build.0 = Release|Any CPU
		{54FBF019-E34E-499C-9629-5C644374761B}.Release|x86.ActiveCfg = Release|Any CPU
		{54FBF019-E34E-499C-9629-5C644374761B}.Release|x86.Build.0 = Release|Any CPU
	EndGlobalSection
	GlobalSection(SolutionProperties) = preSolution
		HideSolutionNode = FALSE
	EndGlobalSection
	GlobalSection(NestedProjects) = preSolution
		{FED79298-4BCF-4B19-8E34-45F633EB5A88} = {6F736ACC-52E4-47E2-9541-59845B40B0DB}
		{0421D743-F1B6-4BFA-9F85-1C0C7AA22608} = {D5B11A46-0DFF-4812-9803-D6B14A873DCC}
		{EE4BF1F9-B564-43D8-9491-89A8A1FC79D2} = {D5B11A46-0DFF-4812-9803-D6B14A873DCC}
		{20129F97-C996-4927-AC31-337E39A8A336} = {6F736ACC-52E4-47E2-9541-59845B40B0DB}
	EndGlobalSection
	GlobalSection(ExtensibilityGlobals) = postSolution
		SolutionGuid = {642FC8EA-93DA-48D6-8ED3-A91DFFBB538F}
	EndGlobalSection
EndGlobal
