
Microsoft Visual Studio Solution File, Format Version 12.00
# Visual Studio Version 16
VisualStudioVersion = 16.0.29424.173
MinimumVisualStudioVersion = 15.0.26124.0
Project("{2150E333-8FDC-42A3-9474-1A3956D46DE8}") = "Phnx", "Phnx", "{385D56F7-460E-4A5C-868C-C9DF31A7E5A0}"
EndProject
Project("{9A19103F-16F7-4668-BE54-9A1E7A4F7556}") = "Phnx", "src\Phnx\Phnx\Phnx.csproj", "{01AA53DF-52DF-49CC-8E75-A0BFD53BB07D}"
EndProject
Project("{9A19103F-16F7-4668-BE54-9A1E7A4F7556}") = "Phnx.Tests", "src\Phnx\Phnx.Tests\Phnx.Tests.csproj", "{71AAC782-B039-49E8-A143-5E7FD1D8BACD}"
EndProject
Project("{2150E333-8FDC-42A3-9474-1A3956D46DE8}") = "AspNetCore", "AspNetCore", "{D5B11A46-0DFF-4812-9803-D6B14A873DCC}"
EndProject
Project("{2150E333-8FDC-42A3-9474-1A3956D46DE8}") = "ETags", "ETags", "{05115266-1A44-417F-A734-16B71980B399}"
EndProject
Project("{9A19103F-16F7-4668-BE54-9A1E7A4F7556}") = "Phnx.AspNetCore.ETags", "src\AspNetCore\ETags\Phnx.AspNetCore.ETags\Phnx.AspNetCore.ETags.csproj", "{81E4749A-B718-4FD9-A86A-BAD02323E11E}"
EndProject
Project("{9A19103F-16F7-4668-BE54-9A1E7A4F7556}") = "Phnx.AspNetCore.ETags.Tests", "src\AspNetCore\ETags\Phnx.AspNetCore.ETags.Tests\Phnx.AspNetCore.ETags.Tests.csproj", "{11644E84-EC56-421C-88CD-28496B975E72}"
EndProject
Project("{2150E333-8FDC-42A3-9474-1A3956D46DE8}") = "Modals", "Modals", "{4E624AAD-3F74-4201-94E1-D83DA4449B81}"
EndProject
Project("{9A19103F-16F7-4668-BE54-9A1E7A4F7556}") = "Phnx.AspNetCore.Modals", "src\AspNetCore\Modals\Phnx.AspNetCore.Modals\Phnx.AspNetCore.Modals.csproj", "{02E186B4-FB8C-45C1-9724-D84AAE25E5DF}"
EndProject
Project("{2150E333-8FDC-42A3-9474-1A3956D46DE8}") = "Collections", "Collections", "{6476B3E9-F8AA-46F6-A292-BC267A6ED53B}"
EndProject
Project("{9A19103F-16F7-4668-BE54-9A1E7A4F7556}") = "Phnx.Collections", "src\Collections\Phnx.Collections\Phnx.Collections.csproj", "{3047F2B1-AF15-46E4-B0A1-59FB9F35572B}"
EndProject
Project("{9A19103F-16F7-4668-BE54-9A1E7A4F7556}") = "Phnx.Collections.Tests", "src\Collections\Phnx.Collections.Tests\Phnx.Collections.Tests.csproj", "{EB9B0B67-25B5-487B-9ADC-7F0316468788}"
EndProject
Project("{2150E333-8FDC-42A3-9474-1A3956D46DE8}") = "Console", "Console", "{37683B27-A13E-473F-A455-907A0F8760F7}"
EndProject
Project("{9A19103F-16F7-4668-BE54-9A1E7A4F7556}") = "Phnx.Console", "src\Console\Phnx.Console\Phnx.Console.csproj", "{062A7C59-A19A-4666-A051-4C19B16A282F}"
EndProject
Project("{9A19103F-16F7-4668-BE54-9A1E7A4F7556}") = "Phnx.Console.Tests", "src\Console\Phnx.Console.Tests\Phnx.Console.Tests.csproj", "{ADDCE14A-9314-47DD-9213-59E3B2A4963A}"
EndProject
Project("{9A19103F-16F7-4668-BE54-9A1E7A4F7556}") = "Phnx.Console.Playground", "src\Console\Phnx.Console.Playground\Phnx.Console.Playground.csproj", "{EA2E55DB-A465-4BD8-8CC7-8A6A3127CBE8}"
EndProject
Project("{2150E333-8FDC-42A3-9474-1A3956D46DE8}") = "Configuration", "Configuration", "{D99B1C03-1D77-4A37-B746-C6BA170FCF1F}"
EndProject
Project("{9A19103F-16F7-4668-BE54-9A1E7A4F7556}") = "Phnx.Configuration", "src\Configuration\Phnx.Configuration\Phnx.Configuration.csproj", "{9E6CB102-BBD7-4D2B-A148-405630C4F94E}"
EndProject
Project("{9A19103F-16F7-4668-BE54-9A1E7A4F7556}") = "Phnx.Configuration.Tests", "src\Configuration\Phnx.Configuration.Tests\Phnx.Configuration.Tests.csproj", "{B95ADCAA-4667-45C2-8491-DA5CE8E3DA0F}"
EndProject
Project("{2150E333-8FDC-42A3-9474-1A3956D46DE8}") = "Data", "Data", "{644D776E-C4D2-4CAE-B732-8BBFEDA24FF1}"
EndProject
Project("{2150E333-8FDC-42A3-9474-1A3956D46DE8}") = "Data", "Data", "{B492407B-472C-48B8-AADD-9ACA57721498}"
EndProject
Project("{9A19103F-16F7-4668-BE54-9A1E7A4F7556}") = "Phnx.Data", "src\Data\Data\Phnx.Data\Phnx.Data.csproj", "{E137A69D-5154-4B18-9D01-D3D356609F88}"
EndProject
Project("{9A19103F-16F7-4668-BE54-9A1E7A4F7556}") = "Phnx.Data.Tests", "src\Data\Data\Phnx.Data.Tests\Phnx.Data.Tests.csproj", "{C429D54E-3FD8-4D60-B03B-F3301E585451}"
EndProject
Project("{2150E333-8FDC-42A3-9474-1A3956D46DE8}") = "EFCore", "EFCore", "{127AE44E-9F01-4420-ABA7-D402B6F18CEE}"
EndProject
Project("{9A19103F-16F7-4668-BE54-9A1E7A4F7556}") = "Phnx.Data.EFCore", "src\Data\EFCore\Phnx.Data.EFCore\Phnx.Data.EFCore.csproj", "{722C7941-2786-49BF-A864-102CD717CD42}"
EndProject
Project("{9A19103F-16F7-4668-BE54-9A1E7A4F7556}") = "Phnx.Data.EFCore.Tests", "src\Data\EFCore\Phnx.Data.EFCore.Tests\Phnx.Data.EFCore.Tests.csproj", "{26C03A02-106A-4BB1-80DF-097C41EAA563}"
EndProject
Project("{2150E333-8FDC-42A3-9474-1A3956D46DE8}") = "Drawing", "Drawing", "{28F100B8-9550-4441-B2BF-DC733606F91B}"
EndProject
Project("{9A19103F-16F7-4668-BE54-9A1E7A4F7556}") = "Phnx.Drawing", "src\Drawing\Phnx.Drawing\Phnx.Drawing.csproj", "{748D093E-D1B2-490C-B8C4-DCA2B731BDFB}"
EndProject
Project("{9A19103F-16F7-4668-BE54-9A1E7A4F7556}") = "Phnx.Drawing.Tests", "src\Drawing\Phnx.Drawing.Tests\Phnx.Drawing.Tests.csproj", "{EEFDFF24-1FFE-474B-AAE6-119A587E42A2}"
EndProject
Project("{2150E333-8FDC-42A3-9474-1A3956D46DE8}") = "IO", "IO", "{D5D7E724-CB88-4009-B354-CCDFE09A0DAC}"
EndProject
Project("{2150E333-8FDC-42A3-9474-1A3956D46DE8}") = "IO", "IO", "{9C8CBAE0-089E-48B0-AD9B-BEB55C0BAC92}"
EndProject
Project("{9A19103F-16F7-4668-BE54-9A1E7A4F7556}") = "Phnx.IO", "src\IO\IO\Phnx.IO\Phnx.IO.csproj", "{0A0A20F0-2E5A-44FA-A46E-9F91475691D9}"
EndProject
Project("{9A19103F-16F7-4668-BE54-9A1E7A4F7556}") = "Phnx.IO.Tests", "src\IO\IO\Phnx.IO.Tests\Phnx.IO.Tests.csproj", "{B029B9FE-346C-4BBF-9BF6-9288285E7E01}"
EndProject
Project("{2150E333-8FDC-42A3-9474-1A3956D46DE8}") = "Json", "Json", "{8FEA9E5C-0FF5-405B-9CA0-24C98E6C7928}"
EndProject
Project("{9A19103F-16F7-4668-BE54-9A1E7A4F7556}") = "Phnx.IO.Json", "src\IO\Json\Phnx.IO.Json\Phnx.IO.Json.csproj", "{0E789D21-6D22-4927-9B09-1437AA9CF505}"
EndProject
Project("{9A19103F-16F7-4668-BE54-9A1E7A4F7556}") = "Phnx.IO.Json.Tests", "src\IO\Json\Phnx.IO.Json.Tests\Phnx.IO.Json.Tests.csproj", "{B84802CA-9F73-476A-BA44-26918747DEB9}"
EndProject
Project("{2150E333-8FDC-42A3-9474-1A3956D46DE8}") = "Threaded", "Threaded", "{57ECB32A-C4D5-45DF-BFD2-4F03E49FEF22}"
EndProject
Project("{9A19103F-16F7-4668-BE54-9A1E7A4F7556}") = "Phnx.IO.Threaded.Tests", "src\IO\Threaded\Phnx.IO.Threaded.Tests\Phnx.IO.Threaded.Tests.csproj", "{89924DDC-DD1D-4C2B-A22E-EE4692A58757}"
EndProject
Project("{9A19103F-16F7-4668-BE54-9A1E7A4F7556}") = "Phnx.IO.Threaded", "src\IO\Threaded\Phnx.IO.Threaded\Phnx.IO.Threaded.csproj", "{95230E9D-7D5F-46E9-91A6-115D53D249AC}"
EndProject
Project("{2150E333-8FDC-42A3-9474-1A3956D46DE8}") = "Reflection", "Reflection", "{0B54DB3A-D377-4E82-87F3-28292A2F495A}"
EndProject
Project("{9A19103F-16F7-4668-BE54-9A1E7A4F7556}") = "Phnx.Reflection", "src\Reflection\Phnx.Reflection\Phnx.Reflection.csproj", "{6E2E6DCF-98F7-485C-B3FC-A72571F7CFAA}"
EndProject
Project("{9A19103F-16F7-4668-BE54-9A1E7A4F7556}") = "Phnx.Reflection.Tests", "src\Reflection\Phnx.Reflection.Tests\Phnx.Reflection.Tests.csproj", "{6FD3EEF5-A3F7-4D7E-A5E9-A0AED24A161D}"
EndProject
Project("{2150E333-8FDC-42A3-9474-1A3956D46DE8}") = "Security", "Security", "{53544359-33B1-4FFC-BCBC-3CE3C61C3345}"
EndProject
Project("{9A19103F-16F7-4668-BE54-9A1E7A4F7556}") = "Phnx.Security.Tests", "src\Security\Phnx.Security.Tests\Phnx.Security.Tests.csproj", "{54092ABC-AAB8-4ECB-801B-F4E1E7287ABB}"
EndProject
Project("{9A19103F-16F7-4668-BE54-9A1E7A4F7556}") = "Phnx.Security", "src\Security\Phnx.Security\Phnx.Security.csproj", "{2416C816-C3C5-4485-A06F-1166B7DCFEB4}"
EndProject
Project("{2150E333-8FDC-42A3-9474-1A3956D46DE8}") = "Serialization", "Serialization", "{CA3E3473-738C-4702-AE42-2819F72ACDA1}"
EndProject
Project("{9A19103F-16F7-4668-BE54-9A1E7A4F7556}") = "Phnx.Serialization", "src\Serialization\Phnx.Serialization\Phnx.Serialization.csproj", "{DBA322E6-0254-4392-AB40-4CADC171E4FE}"
EndProject
Project("{9A19103F-16F7-4668-BE54-9A1E7A4F7556}") = "Phnx.Serialization.Tests", "src\Serialization\Phnx.Serialization.Tests\Phnx.Serialization.Tests.csproj", "{EC3D01A6-A4AB-4FAE-840A-14DB88AC58C9}"
EndProject
Project("{2150E333-8FDC-42A3-9474-1A3956D46DE8}") = "Web", "Web", "{EE0630D1-8DF4-40E1-8C60-077F1F6B7CB6}"
EndProject
Project("{9A19103F-16F7-4668-BE54-9A1E7A4F7556}") = "Phnx.Web.Tests", "src\Web\Phnx.Web.Tests\Phnx.Web.Tests.csproj", "{80BCD544-8FAA-4C72-9581-B2FE3159ED7F}"
EndProject
Project("{9A19103F-16F7-4668-BE54-9A1E7A4F7556}") = "Phnx.Web", "src\Web\Phnx.Web\Phnx.Web.csproj", "{DE6F454D-59A4-48F7-92A2-334E33461EC4}"
EndProject
Project("{9A19103F-16F7-4668-BE54-9A1E7A4F7556}") = "Phnx.All", "src\All\Phnx.All.csproj", "{BA9B27E5-F67E-4629-845D-95DB1E276B29}"
EndProject
Global
	GlobalSection(SolutionConfigurationPlatforms) = preSolution
		Debug|Any CPU = Debug|Any CPU
		Debug|x64 = Debug|x64
		Debug|x86 = Debug|x86
		Release|Any CPU = Release|Any CPU
		Release|x64 = Release|x64
		Release|x86 = Release|x86
	EndGlobalSection
	GlobalSection(ProjectConfigurationPlatforms) = postSolution
		{01AA53DF-52DF-49CC-8E75-A0BFD53BB07D}.Debug|Any CPU.ActiveCfg = Debug|Any CPU
		{01AA53DF-52DF-49CC-8E75-A0BFD53BB07D}.Debug|Any CPU.Build.0 = Debug|Any CPU
		{01AA53DF-52DF-49CC-8E75-A0BFD53BB07D}.Debug|x64.ActiveCfg = Debug|Any CPU
		{01AA53DF-52DF-49CC-8E75-A0BFD53BB07D}.Debug|x64.Build.0 = Debug|Any CPU
		{01AA53DF-52DF-49CC-8E75-A0BFD53BB07D}.Debug|x86.ActiveCfg = Debug|Any CPU
		{01AA53DF-52DF-49CC-8E75-A0BFD53BB07D}.Debug|x86.Build.0 = Debug|Any CPU
		{01AA53DF-52DF-49CC-8E75-A0BFD53BB07D}.Release|Any CPU.ActiveCfg = Release|Any CPU
		{01AA53DF-52DF-49CC-8E75-A0BFD53BB07D}.Release|Any CPU.Build.0 = Release|Any CPU
		{01AA53DF-52DF-49CC-8E75-A0BFD53BB07D}.Release|x64.ActiveCfg = Release|Any CPU
		{01AA53DF-52DF-49CC-8E75-A0BFD53BB07D}.Release|x64.Build.0 = Release|Any CPU
		{01AA53DF-52DF-49CC-8E75-A0BFD53BB07D}.Release|x86.ActiveCfg = Release|Any CPU
		{01AA53DF-52DF-49CC-8E75-A0BFD53BB07D}.Release|x86.Build.0 = Release|Any CPU
		{71AAC782-B039-49E8-A143-5E7FD1D8BACD}.Debug|Any CPU.ActiveCfg = Debug|Any CPU
		{71AAC782-B039-49E8-A143-5E7FD1D8BACD}.Debug|Any CPU.Build.0 = Debug|Any CPU
		{71AAC782-B039-49E8-A143-5E7FD1D8BACD}.Debug|x64.ActiveCfg = Debug|Any CPU
		{71AAC782-B039-49E8-A143-5E7FD1D8BACD}.Debug|x64.Build.0 = Debug|Any CPU
		{71AAC782-B039-49E8-A143-5E7FD1D8BACD}.Debug|x86.ActiveCfg = Debug|Any CPU
		{71AAC782-B039-49E8-A143-5E7FD1D8BACD}.Debug|x86.Build.0 = Debug|Any CPU
		{71AAC782-B039-49E8-A143-5E7FD1D8BACD}.Release|Any CPU.ActiveCfg = Release|Any CPU
		{71AAC782-B039-49E8-A143-5E7FD1D8BACD}.Release|Any CPU.Build.0 = Release|Any CPU
		{71AAC782-B039-49E8-A143-5E7FD1D8BACD}.Release|x64.ActiveCfg = Release|Any CPU
		{71AAC782-B039-49E8-A143-5E7FD1D8BACD}.Release|x64.Build.0 = Release|Any CPU
		{71AAC782-B039-49E8-A143-5E7FD1D8BACD}.Release|x86.ActiveCfg = Release|Any CPU
		{71AAC782-B039-49E8-A143-5E7FD1D8BACD}.Release|x86.Build.0 = Release|Any CPU
		{81E4749A-B718-4FD9-A86A-BAD02323E11E}.Debug|Any CPU.ActiveCfg = Debug|Any CPU
		{81E4749A-B718-4FD9-A86A-BAD02323E11E}.Debug|Any CPU.Build.0 = Debug|Any CPU
		{81E4749A-B718-4FD9-A86A-BAD02323E11E}.Debug|x64.ActiveCfg = Debug|Any CPU
		{81E4749A-B718-4FD9-A86A-BAD02323E11E}.Debug|x64.Build.0 = Debug|Any CPU
		{81E4749A-B718-4FD9-A86A-BAD02323E11E}.Debug|x86.ActiveCfg = Debug|Any CPU
		{81E4749A-B718-4FD9-A86A-BAD02323E11E}.Debug|x86.Build.0 = Debug|Any CPU
		{81E4749A-B718-4FD9-A86A-BAD02323E11E}.Release|Any CPU.ActiveCfg = Release|Any CPU
		{81E4749A-B718-4FD9-A86A-BAD02323E11E}.Release|Any CPU.Build.0 = Release|Any CPU
		{81E4749A-B718-4FD9-A86A-BAD02323E11E}.Release|x64.ActiveCfg = Release|Any CPU
		{81E4749A-B718-4FD9-A86A-BAD02323E11E}.Release|x64.Build.0 = Release|Any CPU
		{81E4749A-B718-4FD9-A86A-BAD02323E11E}.Release|x86.ActiveCfg = Release|Any CPU
		{81E4749A-B718-4FD9-A86A-BAD02323E11E}.Release|x86.Build.0 = Release|Any CPU
		{11644E84-EC56-421C-88CD-28496B975E72}.Debug|Any CPU.ActiveCfg = Debug|Any CPU
		{11644E84-EC56-421C-88CD-28496B975E72}.Debug|Any CPU.Build.0 = Debug|Any CPU
		{11644E84-EC56-421C-88CD-28496B975E72}.Debug|x64.ActiveCfg = Debug|Any CPU
		{11644E84-EC56-421C-88CD-28496B975E72}.Debug|x64.Build.0 = Debug|Any CPU
		{11644E84-EC56-421C-88CD-28496B975E72}.Debug|x86.ActiveCfg = Debug|Any CPU
		{11644E84-EC56-421C-88CD-28496B975E72}.Debug|x86.Build.0 = Debug|Any CPU
		{11644E84-EC56-421C-88CD-28496B975E72}.Release|Any CPU.ActiveCfg = Release|Any CPU
		{11644E84-EC56-421C-88CD-28496B975E72}.Release|Any CPU.Build.0 = Release|Any CPU
		{11644E84-EC56-421C-88CD-28496B975E72}.Release|x64.ActiveCfg = Release|Any CPU
		{11644E84-EC56-421C-88CD-28496B975E72}.Release|x64.Build.0 = Release|Any CPU
		{11644E84-EC56-421C-88CD-28496B975E72}.Release|x86.ActiveCfg = Release|Any CPU
		{11644E84-EC56-421C-88CD-28496B975E72}.Release|x86.Build.0 = Release|Any CPU
		{02E186B4-FB8C-45C1-9724-D84AAE25E5DF}.Debug|Any CPU.ActiveCfg = Debug|Any CPU
		{02E186B4-FB8C-45C1-9724-D84AAE25E5DF}.Debug|Any CPU.Build.0 = Debug|Any CPU
		{02E186B4-FB8C-45C1-9724-D84AAE25E5DF}.Debug|x64.ActiveCfg = Debug|Any CPU
		{02E186B4-FB8C-45C1-9724-D84AAE25E5DF}.Debug|x64.Build.0 = Debug|Any CPU
		{02E186B4-FB8C-45C1-9724-D84AAE25E5DF}.Debug|x86.ActiveCfg = Debug|Any CPU
		{02E186B4-FB8C-45C1-9724-D84AAE25E5DF}.Debug|x86.Build.0 = Debug|Any CPU
		{02E186B4-FB8C-45C1-9724-D84AAE25E5DF}.Release|Any CPU.ActiveCfg = Release|Any CPU
		{02E186B4-FB8C-45C1-9724-D84AAE25E5DF}.Release|Any CPU.Build.0 = Release|Any CPU
		{02E186B4-FB8C-45C1-9724-D84AAE25E5DF}.Release|x64.ActiveCfg = Release|Any CPU
		{02E186B4-FB8C-45C1-9724-D84AAE25E5DF}.Release|x64.Build.0 = Release|Any CPU
		{02E186B4-FB8C-45C1-9724-D84AAE25E5DF}.Release|x86.ActiveCfg = Release|Any CPU
		{02E186B4-FB8C-45C1-9724-D84AAE25E5DF}.Release|x86.Build.0 = Release|Any CPU
		{3047F2B1-AF15-46E4-B0A1-59FB9F35572B}.Debug|Any CPU.ActiveCfg = Debug|Any CPU
		{3047F2B1-AF15-46E4-B0A1-59FB9F35572B}.Debug|Any CPU.Build.0 = Debug|Any CPU
		{3047F2B1-AF15-46E4-B0A1-59FB9F35572B}.Debug|x64.ActiveCfg = Debug|Any CPU
		{3047F2B1-AF15-46E4-B0A1-59FB9F35572B}.Debug|x64.Build.0 = Debug|Any CPU
		{3047F2B1-AF15-46E4-B0A1-59FB9F35572B}.Debug|x86.ActiveCfg = Debug|Any CPU
		{3047F2B1-AF15-46E4-B0A1-59FB9F35572B}.Debug|x86.Build.0 = Debug|Any CPU
		{3047F2B1-AF15-46E4-B0A1-59FB9F35572B}.Release|Any CPU.ActiveCfg = Release|Any CPU
		{3047F2B1-AF15-46E4-B0A1-59FB9F35572B}.Release|Any CPU.Build.0 = Release|Any CPU
		{3047F2B1-AF15-46E4-B0A1-59FB9F35572B}.Release|x64.ActiveCfg = Release|Any CPU
		{3047F2B1-AF15-46E4-B0A1-59FB9F35572B}.Release|x64.Build.0 = Release|Any CPU
		{3047F2B1-AF15-46E4-B0A1-59FB9F35572B}.Release|x86.ActiveCfg = Release|Any CPU
		{3047F2B1-AF15-46E4-B0A1-59FB9F35572B}.Release|x86.Build.0 = Release|Any CPU
		{EB9B0B67-25B5-487B-9ADC-7F0316468788}.Debug|Any CPU.ActiveCfg = Debug|Any CPU
		{EB9B0B67-25B5-487B-9ADC-7F0316468788}.Debug|Any CPU.Build.0 = Debug|Any CPU
		{EB9B0B67-25B5-487B-9ADC-7F0316468788}.Debug|x64.ActiveCfg = Debug|Any CPU
		{EB9B0B67-25B5-487B-9ADC-7F0316468788}.Debug|x64.Build.0 = Debug|Any CPU
		{EB9B0B67-25B5-487B-9ADC-7F0316468788}.Debug|x86.ActiveCfg = Debug|Any CPU
		{EB9B0B67-25B5-487B-9ADC-7F0316468788}.Debug|x86.Build.0 = Debug|Any CPU
		{EB9B0B67-25B5-487B-9ADC-7F0316468788}.Release|Any CPU.ActiveCfg = Release|Any CPU
		{EB9B0B67-25B5-487B-9ADC-7F0316468788}.Release|Any CPU.Build.0 = Release|Any CPU
		{EB9B0B67-25B5-487B-9ADC-7F0316468788}.Release|x64.ActiveCfg = Release|Any CPU
		{EB9B0B67-25B5-487B-9ADC-7F0316468788}.Release|x64.Build.0 = Release|Any CPU
		{EB9B0B67-25B5-487B-9ADC-7F0316468788}.Release|x86.ActiveCfg = Release|Any CPU
		{EB9B0B67-25B5-487B-9ADC-7F0316468788}.Release|x86.Build.0 = Release|Any CPU
		{062A7C59-A19A-4666-A051-4C19B16A282F}.Debug|Any CPU.ActiveCfg = Debug|Any CPU
		{062A7C59-A19A-4666-A051-4C19B16A282F}.Debug|Any CPU.Build.0 = Debug|Any CPU
		{062A7C59-A19A-4666-A051-4C19B16A282F}.Debug|x64.ActiveCfg = Debug|Any CPU
		{062A7C59-A19A-4666-A051-4C19B16A282F}.Debug|x64.Build.0 = Debug|Any CPU
		{062A7C59-A19A-4666-A051-4C19B16A282F}.Debug|x86.ActiveCfg = Debug|Any CPU
		{062A7C59-A19A-4666-A051-4C19B16A282F}.Debug|x86.Build.0 = Debug|Any CPU
		{062A7C59-A19A-4666-A051-4C19B16A282F}.Release|Any CPU.ActiveCfg = Release|Any CPU
		{062A7C59-A19A-4666-A051-4C19B16A282F}.Release|Any CPU.Build.0 = Release|Any CPU
		{062A7C59-A19A-4666-A051-4C19B16A282F}.Release|x64.ActiveCfg = Release|Any CPU
		{062A7C59-A19A-4666-A051-4C19B16A282F}.Release|x64.Build.0 = Release|Any CPU
		{062A7C59-A19A-4666-A051-4C19B16A282F}.Release|x86.ActiveCfg = Release|Any CPU
		{062A7C59-A19A-4666-A051-4C19B16A282F}.Release|x86.Build.0 = Release|Any CPU
		{ADDCE14A-9314-47DD-9213-59E3B2A4963A}.Debug|Any CPU.ActiveCfg = Debug|Any CPU
		{ADDCE14A-9314-47DD-9213-59E3B2A4963A}.Debug|Any CPU.Build.0 = Debug|Any CPU
		{ADDCE14A-9314-47DD-9213-59E3B2A4963A}.Debug|x64.ActiveCfg = Debug|Any CPU
		{ADDCE14A-9314-47DD-9213-59E3B2A4963A}.Debug|x64.Build.0 = Debug|Any CPU
		{ADDCE14A-9314-47DD-9213-59E3B2A4963A}.Debug|x86.ActiveCfg = Debug|Any CPU
		{ADDCE14A-9314-47DD-9213-59E3B2A4963A}.Debug|x86.Build.0 = Debug|Any CPU
		{ADDCE14A-9314-47DD-9213-59E3B2A4963A}.Release|Any CPU.ActiveCfg = Release|Any CPU
		{ADDCE14A-9314-47DD-9213-59E3B2A4963A}.Release|Any CPU.Build.0 = Release|Any CPU
		{ADDCE14A-9314-47DD-9213-59E3B2A4963A}.Release|x64.ActiveCfg = Release|Any CPU
		{ADDCE14A-9314-47DD-9213-59E3B2A4963A}.Release|x64.Build.0 = Release|Any CPU
		{ADDCE14A-9314-47DD-9213-59E3B2A4963A}.Release|x86.ActiveCfg = Release|Any CPU
		{ADDCE14A-9314-47DD-9213-59E3B2A4963A}.Release|x86.Build.0 = Release|Any CPU
		{EA2E55DB-A465-4BD8-8CC7-8A6A3127CBE8}.Debug|Any CPU.ActiveCfg = Debug|Any CPU
		{EA2E55DB-A465-4BD8-8CC7-8A6A3127CBE8}.Debug|Any CPU.Build.0 = Debug|Any CPU
		{EA2E55DB-A465-4BD8-8CC7-8A6A3127CBE8}.Debug|x64.ActiveCfg = Debug|Any CPU
		{EA2E55DB-A465-4BD8-8CC7-8A6A3127CBE8}.Debug|x64.Build.0 = Debug|Any CPU
		{EA2E55DB-A465-4BD8-8CC7-8A6A3127CBE8}.Debug|x86.ActiveCfg = Debug|Any CPU
		{EA2E55DB-A465-4BD8-8CC7-8A6A3127CBE8}.Debug|x86.Build.0 = Debug|Any CPU
		{EA2E55DB-A465-4BD8-8CC7-8A6A3127CBE8}.Release|Any CPU.ActiveCfg = Release|Any CPU
		{EA2E55DB-A465-4BD8-8CC7-8A6A3127CBE8}.Release|Any CPU.Build.0 = Release|Any CPU
		{EA2E55DB-A465-4BD8-8CC7-8A6A3127CBE8}.Release|x64.ActiveCfg = Release|Any CPU
		{EA2E55DB-A465-4BD8-8CC7-8A6A3127CBE8}.Release|x64.Build.0 = Release|Any CPU
		{EA2E55DB-A465-4BD8-8CC7-8A6A3127CBE8}.Release|x86.ActiveCfg = Release|Any CPU
		{EA2E55DB-A465-4BD8-8CC7-8A6A3127CBE8}.Release|x86.Build.0 = Release|Any CPU
		{9E6CB102-BBD7-4D2B-A148-405630C4F94E}.Debug|Any CPU.ActiveCfg = Debug|Any CPU
		{9E6CB102-BBD7-4D2B-A148-405630C4F94E}.Debug|Any CPU.Build.0 = Debug|Any CPU
		{9E6CB102-BBD7-4D2B-A148-405630C4F94E}.Debug|x64.ActiveCfg = Debug|Any CPU
		{9E6CB102-BBD7-4D2B-A148-405630C4F94E}.Debug|x64.Build.0 = Debug|Any CPU
		{9E6CB102-BBD7-4D2B-A148-405630C4F94E}.Debug|x86.ActiveCfg = Debug|Any CPU
		{9E6CB102-BBD7-4D2B-A148-405630C4F94E}.Debug|x86.Build.0 = Debug|Any CPU
		{9E6CB102-BBD7-4D2B-A148-405630C4F94E}.Release|Any CPU.ActiveCfg = Release|Any CPU
		{9E6CB102-BBD7-4D2B-A148-405630C4F94E}.Release|Any CPU.Build.0 = Release|Any CPU
		{9E6CB102-BBD7-4D2B-A148-405630C4F94E}.Release|x64.ActiveCfg = Release|Any CPU
		{9E6CB102-BBD7-4D2B-A148-405630C4F94E}.Release|x64.Build.0 = Release|Any CPU
		{9E6CB102-BBD7-4D2B-A148-405630C4F94E}.Release|x86.ActiveCfg = Release|Any CPU
		{9E6CB102-BBD7-4D2B-A148-405630C4F94E}.Release|x86.Build.0 = Release|Any CPU
		{B95ADCAA-4667-45C2-8491-DA5CE8E3DA0F}.Debug|Any CPU.ActiveCfg = Debug|Any CPU
		{B95ADCAA-4667-45C2-8491-DA5CE8E3DA0F}.Debug|Any CPU.Build.0 = Debug|Any CPU
		{B95ADCAA-4667-45C2-8491-DA5CE8E3DA0F}.Debug|x64.ActiveCfg = Debug|Any CPU
		{B95ADCAA-4667-45C2-8491-DA5CE8E3DA0F}.Debug|x64.Build.0 = Debug|Any CPU
		{B95ADCAA-4667-45C2-8491-DA5CE8E3DA0F}.Debug|x86.ActiveCfg = Debug|Any CPU
		{B95ADCAA-4667-45C2-8491-DA5CE8E3DA0F}.Debug|x86.Build.0 = Debug|Any CPU
		{B95ADCAA-4667-45C2-8491-DA5CE8E3DA0F}.Release|Any CPU.ActiveCfg = Release|Any CPU
		{B95ADCAA-4667-45C2-8491-DA5CE8E3DA0F}.Release|Any CPU.Build.0 = Release|Any CPU
		{B95ADCAA-4667-45C2-8491-DA5CE8E3DA0F}.Release|x64.ActiveCfg = Release|Any CPU
		{B95ADCAA-4667-45C2-8491-DA5CE8E3DA0F}.Release|x64.Build.0 = Release|Any CPU
		{B95ADCAA-4667-45C2-8491-DA5CE8E3DA0F}.Release|x86.ActiveCfg = Release|Any CPU
		{B95ADCAA-4667-45C2-8491-DA5CE8E3DA0F}.Release|x86.Build.0 = Release|Any CPU
		{E137A69D-5154-4B18-9D01-D3D356609F88}.Debug|Any CPU.ActiveCfg = Debug|Any CPU
		{E137A69D-5154-4B18-9D01-D3D356609F88}.Debug|Any CPU.Build.0 = Debug|Any CPU
		{E137A69D-5154-4B18-9D01-D3D356609F88}.Debug|x64.ActiveCfg = Debug|Any CPU
		{E137A69D-5154-4B18-9D01-D3D356609F88}.Debug|x64.Build.0 = Debug|Any CPU
		{E137A69D-5154-4B18-9D01-D3D356609F88}.Debug|x86.ActiveCfg = Debug|Any CPU
		{E137A69D-5154-4B18-9D01-D3D356609F88}.Debug|x86.Build.0 = Debug|Any CPU
		{E137A69D-5154-4B18-9D01-D3D356609F88}.Release|Any CPU.ActiveCfg = Release|Any CPU
		{E137A69D-5154-4B18-9D01-D3D356609F88}.Release|Any CPU.Build.0 = Release|Any CPU
		{E137A69D-5154-4B18-9D01-D3D356609F88}.Release|x64.ActiveCfg = Release|Any CPU
		{E137A69D-5154-4B18-9D01-D3D356609F88}.Release|x64.Build.0 = Release|Any CPU
		{E137A69D-5154-4B18-9D01-D3D356609F88}.Release|x86.ActiveCfg = Release|Any CPU
		{E137A69D-5154-4B18-9D01-D3D356609F88}.Release|x86.Build.0 = Release|Any CPU
		{C429D54E-3FD8-4D60-B03B-F3301E585451}.Debug|Any CPU.ActiveCfg = Debug|Any CPU
		{C429D54E-3FD8-4D60-B03B-F3301E585451}.Debug|Any CPU.Build.0 = Debug|Any CPU
		{C429D54E-3FD8-4D60-B03B-F3301E585451}.Debug|x64.ActiveCfg = Debug|Any CPU
		{C429D54E-3FD8-4D60-B03B-F3301E585451}.Debug|x64.Build.0 = Debug|Any CPU
		{C429D54E-3FD8-4D60-B03B-F3301E585451}.Debug|x86.ActiveCfg = Debug|Any CPU
		{C429D54E-3FD8-4D60-B03B-F3301E585451}.Debug|x86.Build.0 = Debug|Any CPU
		{C429D54E-3FD8-4D60-B03B-F3301E585451}.Release|Any CPU.ActiveCfg = Release|Any CPU
		{C429D54E-3FD8-4D60-B03B-F3301E585451}.Release|Any CPU.Build.0 = Release|Any CPU
		{C429D54E-3FD8-4D60-B03B-F3301E585451}.Release|x64.ActiveCfg = Release|Any CPU
		{C429D54E-3FD8-4D60-B03B-F3301E585451}.Release|x64.Build.0 = Release|Any CPU
		{C429D54E-3FD8-4D60-B03B-F3301E585451}.Release|x86.ActiveCfg = Release|Any CPU
		{C429D54E-3FD8-4D60-B03B-F3301E585451}.Release|x86.Build.0 = Release|Any CPU
		{722C7941-2786-49BF-A864-102CD717CD42}.Debug|Any CPU.ActiveCfg = Debug|Any CPU
		{722C7941-2786-49BF-A864-102CD717CD42}.Debug|Any CPU.Build.0 = Debug|Any CPU
		{722C7941-2786-49BF-A864-102CD717CD42}.Debug|x64.ActiveCfg = Debug|Any CPU
		{722C7941-2786-49BF-A864-102CD717CD42}.Debug|x64.Build.0 = Debug|Any CPU
		{722C7941-2786-49BF-A864-102CD717CD42}.Debug|x86.ActiveCfg = Debug|Any CPU
		{722C7941-2786-49BF-A864-102CD717CD42}.Debug|x86.Build.0 = Debug|Any CPU
		{722C7941-2786-49BF-A864-102CD717CD42}.Release|Any CPU.ActiveCfg = Release|Any CPU
		{722C7941-2786-49BF-A864-102CD717CD42}.Release|Any CPU.Build.0 = Release|Any CPU
		{722C7941-2786-49BF-A864-102CD717CD42}.Release|x64.ActiveCfg = Release|Any CPU
		{722C7941-2786-49BF-A864-102CD717CD42}.Release|x64.Build.0 = Release|Any CPU
		{722C7941-2786-49BF-A864-102CD717CD42}.Release|x86.ActiveCfg = Release|Any CPU
		{722C7941-2786-49BF-A864-102CD717CD42}.Release|x86.Build.0 = Release|Any CPU
		{26C03A02-106A-4BB1-80DF-097C41EAA563}.Debug|Any CPU.ActiveCfg = Debug|Any CPU
		{26C03A02-106A-4BB1-80DF-097C41EAA563}.Debug|Any CPU.Build.0 = Debug|Any CPU
		{26C03A02-106A-4BB1-80DF-097C41EAA563}.Debug|x64.ActiveCfg = Debug|Any CPU
		{26C03A02-106A-4BB1-80DF-097C41EAA563}.Debug|x64.Build.0 = Debug|Any CPU
		{26C03A02-106A-4BB1-80DF-097C41EAA563}.Debug|x86.ActiveCfg = Debug|Any CPU
		{26C03A02-106A-4BB1-80DF-097C41EAA563}.Debug|x86.Build.0 = Debug|Any CPU
		{26C03A02-106A-4BB1-80DF-097C41EAA563}.Release|Any CPU.ActiveCfg = Release|Any CPU
		{26C03A02-106A-4BB1-80DF-097C41EAA563}.Release|Any CPU.Build.0 = Release|Any CPU
		{26C03A02-106A-4BB1-80DF-097C41EAA563}.Release|x64.ActiveCfg = Release|Any CPU
		{26C03A02-106A-4BB1-80DF-097C41EAA563}.Release|x64.Build.0 = Release|Any CPU
		{26C03A02-106A-4BB1-80DF-097C41EAA563}.Release|x86.ActiveCfg = Release|Any CPU
		{26C03A02-106A-4BB1-80DF-097C41EAA563}.Release|x86.Build.0 = Release|Any CPU
		{748D093E-D1B2-490C-B8C4-DCA2B731BDFB}.Debug|Any CPU.ActiveCfg = Debug|Any CPU
		{748D093E-D1B2-490C-B8C4-DCA2B731BDFB}.Debug|Any CPU.Build.0 = Debug|Any CPU
		{748D093E-D1B2-490C-B8C4-DCA2B731BDFB}.Debug|x64.ActiveCfg = Debug|Any CPU
		{748D093E-D1B2-490C-B8C4-DCA2B731BDFB}.Debug|x64.Build.0 = Debug|Any CPU
		{748D093E-D1B2-490C-B8C4-DCA2B731BDFB}.Debug|x86.ActiveCfg = Debug|Any CPU
		{748D093E-D1B2-490C-B8C4-DCA2B731BDFB}.Debug|x86.Build.0 = Debug|Any CPU
		{748D093E-D1B2-490C-B8C4-DCA2B731BDFB}.Release|Any CPU.ActiveCfg = Release|Any CPU
		{748D093E-D1B2-490C-B8C4-DCA2B731BDFB}.Release|Any CPU.Build.0 = Release|Any CPU
		{748D093E-D1B2-490C-B8C4-DCA2B731BDFB}.Release|x64.ActiveCfg = Release|Any CPU
		{748D093E-D1B2-490C-B8C4-DCA2B731BDFB}.Release|x64.Build.0 = Release|Any CPU
		{748D093E-D1B2-490C-B8C4-DCA2B731BDFB}.Release|x86.ActiveCfg = Release|Any CPU
		{748D093E-D1B2-490C-B8C4-DCA2B731BDFB}.Release|x86.Build.0 = Release|Any CPU
		{EEFDFF24-1FFE-474B-AAE6-119A587E42A2}.Debug|Any CPU.ActiveCfg = Debug|Any CPU
		{EEFDFF24-1FFE-474B-AAE6-119A587E42A2}.Debug|Any CPU.Build.0 = Debug|Any CPU
		{EEFDFF24-1FFE-474B-AAE6-119A587E42A2}.Debug|x64.ActiveCfg = Debug|Any CPU
		{EEFDFF24-1FFE-474B-AAE6-119A587E42A2}.Debug|x64.Build.0 = Debug|Any CPU
		{EEFDFF24-1FFE-474B-AAE6-119A587E42A2}.Debug|x86.ActiveCfg = Debug|Any CPU
		{EEFDFF24-1FFE-474B-AAE6-119A587E42A2}.Debug|x86.Build.0 = Debug|Any CPU
		{EEFDFF24-1FFE-474B-AAE6-119A587E42A2}.Release|Any CPU.ActiveCfg = Release|Any CPU
		{EEFDFF24-1FFE-474B-AAE6-119A587E42A2}.Release|Any CPU.Build.0 = Release|Any CPU
		{EEFDFF24-1FFE-474B-AAE6-119A587E42A2}.Release|x64.ActiveCfg = Release|Any CPU
		{EEFDFF24-1FFE-474B-AAE6-119A587E42A2}.Release|x64.Build.0 = Release|Any CPU
		{EEFDFF24-1FFE-474B-AAE6-119A587E42A2}.Release|x86.ActiveCfg = Release|Any CPU
		{EEFDFF24-1FFE-474B-AAE6-119A587E42A2}.Release|x86.Build.0 = Release|Any CPU
		{0A0A20F0-2E5A-44FA-A46E-9F91475691D9}.Debug|Any CPU.ActiveCfg = Debug|Any CPU
		{0A0A20F0-2E5A-44FA-A46E-9F91475691D9}.Debug|Any CPU.Build.0 = Debug|Any CPU
		{0A0A20F0-2E5A-44FA-A46E-9F91475691D9}.Debug|x64.ActiveCfg = Debug|Any CPU
		{0A0A20F0-2E5A-44FA-A46E-9F91475691D9}.Debug|x64.Build.0 = Debug|Any CPU
		{0A0A20F0-2E5A-44FA-A46E-9F91475691D9}.Debug|x86.ActiveCfg = Debug|Any CPU
		{0A0A20F0-2E5A-44FA-A46E-9F91475691D9}.Debug|x86.Build.0 = Debug|Any CPU
		{0A0A20F0-2E5A-44FA-A46E-9F91475691D9}.Release|Any CPU.ActiveCfg = Release|Any CPU
		{0A0A20F0-2E5A-44FA-A46E-9F91475691D9}.Release|Any CPU.Build.0 = Release|Any CPU
		{0A0A20F0-2E5A-44FA-A46E-9F91475691D9}.Release|x64.ActiveCfg = Release|Any CPU
		{0A0A20F0-2E5A-44FA-A46E-9F91475691D9}.Release|x64.Build.0 = Release|Any CPU
		{0A0A20F0-2E5A-44FA-A46E-9F91475691D9}.Release|x86.ActiveCfg = Release|Any CPU
		{0A0A20F0-2E5A-44FA-A46E-9F91475691D9}.Release|x86.Build.0 = Release|Any CPU
		{B029B9FE-346C-4BBF-9BF6-9288285E7E01}.Debug|Any CPU.ActiveCfg = Debug|Any CPU
		{B029B9FE-346C-4BBF-9BF6-9288285E7E01}.Debug|Any CPU.Build.0 = Debug|Any CPU
		{B029B9FE-346C-4BBF-9BF6-9288285E7E01}.Debug|x64.ActiveCfg = Debug|Any CPU
		{B029B9FE-346C-4BBF-9BF6-9288285E7E01}.Debug|x64.Build.0 = Debug|Any CPU
		{B029B9FE-346C-4BBF-9BF6-9288285E7E01}.Debug|x86.ActiveCfg = Debug|Any CPU
		{B029B9FE-346C-4BBF-9BF6-9288285E7E01}.Debug|x86.Build.0 = Debug|Any CPU
		{B029B9FE-346C-4BBF-9BF6-9288285E7E01}.Release|Any CPU.ActiveCfg = Release|Any CPU
		{B029B9FE-346C-4BBF-9BF6-9288285E7E01}.Release|Any CPU.Build.0 = Release|Any CPU
		{B029B9FE-346C-4BBF-9BF6-9288285E7E01}.Release|x64.ActiveCfg = Release|Any CPU
		{B029B9FE-346C-4BBF-9BF6-9288285E7E01}.Release|x64.Build.0 = Release|Any CPU
		{B029B9FE-346C-4BBF-9BF6-9288285E7E01}.Release|x86.ActiveCfg = Release|Any CPU
		{B029B9FE-346C-4BBF-9BF6-9288285E7E01}.Release|x86.Build.0 = Release|Any CPU
		{0E789D21-6D22-4927-9B09-1437AA9CF505}.Debug|Any CPU.ActiveCfg = Debug|Any CPU
		{0E789D21-6D22-4927-9B09-1437AA9CF505}.Debug|Any CPU.Build.0 = Debug|Any CPU
		{0E789D21-6D22-4927-9B09-1437AA9CF505}.Debug|x64.ActiveCfg = Debug|Any CPU
		{0E789D21-6D22-4927-9B09-1437AA9CF505}.Debug|x64.Build.0 = Debug|Any CPU
		{0E789D21-6D22-4927-9B09-1437AA9CF505}.Debug|x86.ActiveCfg = Debug|Any CPU
		{0E789D21-6D22-4927-9B09-1437AA9CF505}.Debug|x86.Build.0 = Debug|Any CPU
		{0E789D21-6D22-4927-9B09-1437AA9CF505}.Release|Any CPU.ActiveCfg = Release|Any CPU
		{0E789D21-6D22-4927-9B09-1437AA9CF505}.Release|Any CPU.Build.0 = Release|Any CPU
		{0E789D21-6D22-4927-9B09-1437AA9CF505}.Release|x64.ActiveCfg = Release|Any CPU
		{0E789D21-6D22-4927-9B09-1437AA9CF505}.Release|x64.Build.0 = Release|Any CPU
		{0E789D21-6D22-4927-9B09-1437AA9CF505}.Release|x86.ActiveCfg = Release|Any CPU
		{0E789D21-6D22-4927-9B09-1437AA9CF505}.Release|x86.Build.0 = Release|Any CPU
		{B84802CA-9F73-476A-BA44-26918747DEB9}.Debug|Any CPU.ActiveCfg = Debug|Any CPU
		{B84802CA-9F73-476A-BA44-26918747DEB9}.Debug|Any CPU.Build.0 = Debug|Any CPU
		{B84802CA-9F73-476A-BA44-26918747DEB9}.Debug|x64.ActiveCfg = Debug|Any CPU
		{B84802CA-9F73-476A-BA44-26918747DEB9}.Debug|x64.Build.0 = Debug|Any CPU
		{B84802CA-9F73-476A-BA44-26918747DEB9}.Debug|x86.ActiveCfg = Debug|Any CPU
		{B84802CA-9F73-476A-BA44-26918747DEB9}.Debug|x86.Build.0 = Debug|Any CPU
		{B84802CA-9F73-476A-BA44-26918747DEB9}.Release|Any CPU.ActiveCfg = Release|Any CPU
		{B84802CA-9F73-476A-BA44-26918747DEB9}.Release|Any CPU.Build.0 = Release|Any CPU
		{B84802CA-9F73-476A-BA44-26918747DEB9}.Release|x64.ActiveCfg = Release|Any CPU
		{B84802CA-9F73-476A-BA44-26918747DEB9}.Release|x64.Build.0 = Release|Any CPU
		{B84802CA-9F73-476A-BA44-26918747DEB9}.Release|x86.ActiveCfg = Release|Any CPU
		{B84802CA-9F73-476A-BA44-26918747DEB9}.Release|x86.Build.0 = Release|Any CPU
		{89924DDC-DD1D-4C2B-A22E-EE4692A58757}.Debug|Any CPU.ActiveCfg = Debug|Any CPU
		{89924DDC-DD1D-4C2B-A22E-EE4692A58757}.Debug|Any CPU.Build.0 = Debug|Any CPU
		{89924DDC-DD1D-4C2B-A22E-EE4692A58757}.Debug|x64.ActiveCfg = Debug|Any CPU
		{89924DDC-DD1D-4C2B-A22E-EE4692A58757}.Debug|x64.Build.0 = Debug|Any CPU
		{89924DDC-DD1D-4C2B-A22E-EE4692A58757}.Debug|x86.ActiveCfg = Debug|Any CPU
		{89924DDC-DD1D-4C2B-A22E-EE4692A58757}.Debug|x86.Build.0 = Debug|Any CPU
		{89924DDC-DD1D-4C2B-A22E-EE4692A58757}.Release|Any CPU.ActiveCfg = Release|Any CPU
		{89924DDC-DD1D-4C2B-A22E-EE4692A58757}.Release|Any CPU.Build.0 = Release|Any CPU
		{89924DDC-DD1D-4C2B-A22E-EE4692A58757}.Release|x64.ActiveCfg = Release|Any CPU
		{89924DDC-DD1D-4C2B-A22E-EE4692A58757}.Release|x64.Build.0 = Release|Any CPU
		{89924DDC-DD1D-4C2B-A22E-EE4692A58757}.Release|x86.ActiveCfg = Release|Any CPU
		{89924DDC-DD1D-4C2B-A22E-EE4692A58757}.Release|x86.Build.0 = Release|Any CPU
		{95230E9D-7D5F-46E9-91A6-115D53D249AC}.Debug|Any CPU.ActiveCfg = Debug|Any CPU
		{95230E9D-7D5F-46E9-91A6-115D53D249AC}.Debug|Any CPU.Build.0 = Debug|Any CPU
		{95230E9D-7D5F-46E9-91A6-115D53D249AC}.Debug|x64.ActiveCfg = Debug|Any CPU
		{95230E9D-7D5F-46E9-91A6-115D53D249AC}.Debug|x64.Build.0 = Debug|Any CPU
		{95230E9D-7D5F-46E9-91A6-115D53D249AC}.Debug|x86.ActiveCfg = Debug|Any CPU
		{95230E9D-7D5F-46E9-91A6-115D53D249AC}.Debug|x86.Build.0 = Debug|Any CPU
		{95230E9D-7D5F-46E9-91A6-115D53D249AC}.Release|Any CPU.ActiveCfg = Release|Any CPU
		{95230E9D-7D5F-46E9-91A6-115D53D249AC}.Release|Any CPU.Build.0 = Release|Any CPU
		{95230E9D-7D5F-46E9-91A6-115D53D249AC}.Release|x64.ActiveCfg = Release|Any CPU
		{95230E9D-7D5F-46E9-91A6-115D53D249AC}.Release|x64.Build.0 = Release|Any CPU
		{95230E9D-7D5F-46E9-91A6-115D53D249AC}.Release|x86.ActiveCfg = Release|Any CPU
		{95230E9D-7D5F-46E9-91A6-115D53D249AC}.Release|x86.Build.0 = Release|Any CPU
		{6E2E6DCF-98F7-485C-B3FC-A72571F7CFAA}.Debug|Any CPU.ActiveCfg = Debug|Any CPU
		{6E2E6DCF-98F7-485C-B3FC-A72571F7CFAA}.Debug|Any CPU.Build.0 = Debug|Any CPU
		{6E2E6DCF-98F7-485C-B3FC-A72571F7CFAA}.Debug|x64.ActiveCfg = Debug|Any CPU
		{6E2E6DCF-98F7-485C-B3FC-A72571F7CFAA}.Debug|x64.Build.0 = Debug|Any CPU
		{6E2E6DCF-98F7-485C-B3FC-A72571F7CFAA}.Debug|x86.ActiveCfg = Debug|Any CPU
		{6E2E6DCF-98F7-485C-B3FC-A72571F7CFAA}.Debug|x86.Build.0 = Debug|Any CPU
		{6E2E6DCF-98F7-485C-B3FC-A72571F7CFAA}.Release|Any CPU.ActiveCfg = Release|Any CPU
		{6E2E6DCF-98F7-485C-B3FC-A72571F7CFAA}.Release|Any CPU.Build.0 = Release|Any CPU
		{6E2E6DCF-98F7-485C-B3FC-A72571F7CFAA}.Release|x64.ActiveCfg = Release|Any CPU
		{6E2E6DCF-98F7-485C-B3FC-A72571F7CFAA}.Release|x64.Build.0 = Release|Any CPU
		{6E2E6DCF-98F7-485C-B3FC-A72571F7CFAA}.Release|x86.ActiveCfg = Release|Any CPU
		{6E2E6DCF-98F7-485C-B3FC-A72571F7CFAA}.Release|x86.Build.0 = Release|Any CPU
		{6FD3EEF5-A3F7-4D7E-A5E9-A0AED24A161D}.Debug|Any CPU.ActiveCfg = Debug|Any CPU
		{6FD3EEF5-A3F7-4D7E-A5E9-A0AED24A161D}.Debug|Any CPU.Build.0 = Debug|Any CPU
		{6FD3EEF5-A3F7-4D7E-A5E9-A0AED24A161D}.Debug|x64.ActiveCfg = Debug|Any CPU
		{6FD3EEF5-A3F7-4D7E-A5E9-A0AED24A161D}.Debug|x64.Build.0 = Debug|Any CPU
		{6FD3EEF5-A3F7-4D7E-A5E9-A0AED24A161D}.Debug|x86.ActiveCfg = Debug|Any CPU
		{6FD3EEF5-A3F7-4D7E-A5E9-A0AED24A161D}.Debug|x86.Build.0 = Debug|Any CPU
		{6FD3EEF5-A3F7-4D7E-A5E9-A0AED24A161D}.Release|Any CPU.ActiveCfg = Release|Any CPU
		{6FD3EEF5-A3F7-4D7E-A5E9-A0AED24A161D}.Release|Any CPU.Build.0 = Release|Any CPU
		{6FD3EEF5-A3F7-4D7E-A5E9-A0AED24A161D}.Release|x64.ActiveCfg = Release|Any CPU
		{6FD3EEF5-A3F7-4D7E-A5E9-A0AED24A161D}.Release|x64.Build.0 = Release|Any CPU
		{6FD3EEF5-A3F7-4D7E-A5E9-A0AED24A161D}.Release|x86.ActiveCfg = Release|Any CPU
		{6FD3EEF5-A3F7-4D7E-A5E9-A0AED24A161D}.Release|x86.Build.0 = Release|Any CPU
		{54092ABC-AAB8-4ECB-801B-F4E1E7287ABB}.Debug|Any CPU.ActiveCfg = Debug|Any CPU
		{54092ABC-AAB8-4ECB-801B-F4E1E7287ABB}.Debug|Any CPU.Build.0 = Debug|Any CPU
		{54092ABC-AAB8-4ECB-801B-F4E1E7287ABB}.Debug|x64.ActiveCfg = Debug|Any CPU
		{54092ABC-AAB8-4ECB-801B-F4E1E7287ABB}.Debug|x64.Build.0 = Debug|Any CPU
		{54092ABC-AAB8-4ECB-801B-F4E1E7287ABB}.Debug|x86.ActiveCfg = Debug|Any CPU
		{54092ABC-AAB8-4ECB-801B-F4E1E7287ABB}.Debug|x86.Build.0 = Debug|Any CPU
		{54092ABC-AAB8-4ECB-801B-F4E1E7287ABB}.Release|Any CPU.ActiveCfg = Release|Any CPU
		{54092ABC-AAB8-4ECB-801B-F4E1E7287ABB}.Release|Any CPU.Build.0 = Release|Any CPU
		{54092ABC-AAB8-4ECB-801B-F4E1E7287ABB}.Release|x64.ActiveCfg = Release|Any CPU
		{54092ABC-AAB8-4ECB-801B-F4E1E7287ABB}.Release|x64.Build.0 = Release|Any CPU
		{54092ABC-AAB8-4ECB-801B-F4E1E7287ABB}.Release|x86.ActiveCfg = Release|Any CPU
		{54092ABC-AAB8-4ECB-801B-F4E1E7287ABB}.Release|x86.Build.0 = Release|Any CPU
		{2416C816-C3C5-4485-A06F-1166B7DCFEB4}.Debug|Any CPU.ActiveCfg = Debug|Any CPU
		{2416C816-C3C5-4485-A06F-1166B7DCFEB4}.Debug|Any CPU.Build.0 = Debug|Any CPU
		{2416C816-C3C5-4485-A06F-1166B7DCFEB4}.Debug|x64.ActiveCfg = Debug|Any CPU
		{2416C816-C3C5-4485-A06F-1166B7DCFEB4}.Debug|x64.Build.0 = Debug|Any CPU
		{2416C816-C3C5-4485-A06F-1166B7DCFEB4}.Debug|x86.ActiveCfg = Debug|Any CPU
		{2416C816-C3C5-4485-A06F-1166B7DCFEB4}.Debug|x86.Build.0 = Debug|Any CPU
		{2416C816-C3C5-4485-A06F-1166B7DCFEB4}.Release|Any CPU.ActiveCfg = Release|Any CPU
		{2416C816-C3C5-4485-A06F-1166B7DCFEB4}.Release|Any CPU.Build.0 = Release|Any CPU
		{2416C816-C3C5-4485-A06F-1166B7DCFEB4}.Release|x64.ActiveCfg = Release|Any CPU
		{2416C816-C3C5-4485-A06F-1166B7DCFEB4}.Release|x64.Build.0 = Release|Any CPU
		{2416C816-C3C5-4485-A06F-1166B7DCFEB4}.Release|x86.ActiveCfg = Release|Any CPU
		{2416C816-C3C5-4485-A06F-1166B7DCFEB4}.Release|x86.Build.0 = Release|Any CPU
		{DBA322E6-0254-4392-AB40-4CADC171E4FE}.Debug|Any CPU.ActiveCfg = Debug|Any CPU
		{DBA322E6-0254-4392-AB40-4CADC171E4FE}.Debug|Any CPU.Build.0 = Debug|Any CPU
		{DBA322E6-0254-4392-AB40-4CADC171E4FE}.Debug|x64.ActiveCfg = Debug|Any CPU
		{DBA322E6-0254-4392-AB40-4CADC171E4FE}.Debug|x64.Build.0 = Debug|Any CPU
		{DBA322E6-0254-4392-AB40-4CADC171E4FE}.Debug|x86.ActiveCfg = Debug|Any CPU
		{DBA322E6-0254-4392-AB40-4CADC171E4FE}.Debug|x86.Build.0 = Debug|Any CPU
		{DBA322E6-0254-4392-AB40-4CADC171E4FE}.Release|Any CPU.ActiveCfg = Release|Any CPU
		{DBA322E6-0254-4392-AB40-4CADC171E4FE}.Release|Any CPU.Build.0 = Release|Any CPU
		{DBA322E6-0254-4392-AB40-4CADC171E4FE}.Release|x64.ActiveCfg = Release|Any CPU
		{DBA322E6-0254-4392-AB40-4CADC171E4FE}.Release|x64.Build.0 = Release|Any CPU
		{DBA322E6-0254-4392-AB40-4CADC171E4FE}.Release|x86.ActiveCfg = Release|Any CPU
		{DBA322E6-0254-4392-AB40-4CADC171E4FE}.Release|x86.Build.0 = Release|Any CPU
		{EC3D01A6-A4AB-4FAE-840A-14DB88AC58C9}.Debug|Any CPU.ActiveCfg = Debug|Any CPU
		{EC3D01A6-A4AB-4FAE-840A-14DB88AC58C9}.Debug|Any CPU.Build.0 = Debug|Any CPU
		{EC3D01A6-A4AB-4FAE-840A-14DB88AC58C9}.Debug|x64.ActiveCfg = Debug|Any CPU
		{EC3D01A6-A4AB-4FAE-840A-14DB88AC58C9}.Debug|x64.Build.0 = Debug|Any CPU
		{EC3D01A6-A4AB-4FAE-840A-14DB88AC58C9}.Debug|x86.ActiveCfg = Debug|Any CPU
		{EC3D01A6-A4AB-4FAE-840A-14DB88AC58C9}.Debug|x86.Build.0 = Debug|Any CPU
		{EC3D01A6-A4AB-4FAE-840A-14DB88AC58C9}.Release|Any CPU.ActiveCfg = Release|Any CPU
		{EC3D01A6-A4AB-4FAE-840A-14DB88AC58C9}.Release|Any CPU.Build.0 = Release|Any CPU
		{EC3D01A6-A4AB-4FAE-840A-14DB88AC58C9}.Release|x64.ActiveCfg = Release|Any CPU
		{EC3D01A6-A4AB-4FAE-840A-14DB88AC58C9}.Release|x64.Build.0 = Release|Any CPU
		{EC3D01A6-A4AB-4FAE-840A-14DB88AC58C9}.Release|x86.ActiveCfg = Release|Any CPU
		{EC3D01A6-A4AB-4FAE-840A-14DB88AC58C9}.Release|x86.Build.0 = Release|Any CPU
		{80BCD544-8FAA-4C72-9581-B2FE3159ED7F}.Debug|Any CPU.ActiveCfg = Debug|Any CPU
		{80BCD544-8FAA-4C72-9581-B2FE3159ED7F}.Debug|Any CPU.Build.0 = Debug|Any CPU
		{80BCD544-8FAA-4C72-9581-B2FE3159ED7F}.Debug|x64.ActiveCfg = Debug|Any CPU
		{80BCD544-8FAA-4C72-9581-B2FE3159ED7F}.Debug|x64.Build.0 = Debug|Any CPU
		{80BCD544-8FAA-4C72-9581-B2FE3159ED7F}.Debug|x86.ActiveCfg = Debug|Any CPU
		{80BCD544-8FAA-4C72-9581-B2FE3159ED7F}.Debug|x86.Build.0 = Debug|Any CPU
		{80BCD544-8FAA-4C72-9581-B2FE3159ED7F}.Release|Any CPU.ActiveCfg = Release|Any CPU
		{80BCD544-8FAA-4C72-9581-B2FE3159ED7F}.Release|Any CPU.Build.0 = Release|Any CPU
		{80BCD544-8FAA-4C72-9581-B2FE3159ED7F}.Release|x64.ActiveCfg = Release|Any CPU
		{80BCD544-8FAA-4C72-9581-B2FE3159ED7F}.Release|x64.Build.0 = Release|Any CPU
		{80BCD544-8FAA-4C72-9581-B2FE3159ED7F}.Release|x86.ActiveCfg = Release|Any CPU
		{80BCD544-8FAA-4C72-9581-B2FE3159ED7F}.Release|x86.Build.0 = Release|Any CPU
		{DE6F454D-59A4-48F7-92A2-334E33461EC4}.Debug|Any CPU.ActiveCfg = Debug|Any CPU
		{DE6F454D-59A4-48F7-92A2-334E33461EC4}.Debug|Any CPU.Build.0 = Debug|Any CPU
		{DE6F454D-59A4-48F7-92A2-334E33461EC4}.Debug|x64.ActiveCfg = Debug|Any CPU
		{DE6F454D-59A4-48F7-92A2-334E33461EC4}.Debug|x64.Build.0 = Debug|Any CPU
		{DE6F454D-59A4-48F7-92A2-334E33461EC4}.Debug|x86.ActiveCfg = Debug|Any CPU
		{DE6F454D-59A4-48F7-92A2-334E33461EC4}.Debug|x86.Build.0 = Debug|Any CPU
		{DE6F454D-59A4-48F7-92A2-334E33461EC4}.Release|Any CPU.ActiveCfg = Release|Any CPU
		{DE6F454D-59A4-48F7-92A2-334E33461EC4}.Release|Any CPU.Build.0 = Release|Any CPU
		{DE6F454D-59A4-48F7-92A2-334E33461EC4}.Release|x64.ActiveCfg = Release|Any CPU
		{DE6F454D-59A4-48F7-92A2-334E33461EC4}.Release|x64.Build.0 = Release|Any CPU
		{DE6F454D-59A4-48F7-92A2-334E33461EC4}.Release|x86.ActiveCfg = Release|Any CPU
		{DE6F454D-59A4-48F7-92A2-334E33461EC4}.Release|x86.Build.0 = Release|Any CPU
		{BA9B27E5-F67E-4629-845D-95DB1E276B29}.Debug|Any CPU.ActiveCfg = Debug|Any CPU
		{BA9B27E5-F67E-4629-845D-95DB1E276B29}.Debug|Any CPU.Build.0 = Debug|Any CPU
		{BA9B27E5-F67E-4629-845D-95DB1E276B29}.Debug|x64.ActiveCfg = Debug|Any CPU
		{BA9B27E5-F67E-4629-845D-95DB1E276B29}.Debug|x64.Build.0 = Debug|Any CPU
		{BA9B27E5-F67E-4629-845D-95DB1E276B29}.Debug|x86.ActiveCfg = Debug|Any CPU
		{BA9B27E5-F67E-4629-845D-95DB1E276B29}.Debug|x86.Build.0 = Debug|Any CPU
		{BA9B27E5-F67E-4629-845D-95DB1E276B29}.Release|Any CPU.ActiveCfg = Release|Any CPU
		{BA9B27E5-F67E-4629-845D-95DB1E276B29}.Release|Any CPU.Build.0 = Release|Any CPU
		{BA9B27E5-F67E-4629-845D-95DB1E276B29}.Release|x64.ActiveCfg = Release|Any CPU
		{BA9B27E5-F67E-4629-845D-95DB1E276B29}.Release|x64.Build.0 = Release|Any CPU
		{BA9B27E5-F67E-4629-845D-95DB1E276B29}.Release|x86.ActiveCfg = Release|Any CPU
		{BA9B27E5-F67E-4629-845D-95DB1E276B29}.Release|x86.Build.0 = Release|Any CPU
	EndGlobalSection
	GlobalSection(SolutionProperties) = preSolution
		HideSolutionNode = FALSE
	EndGlobalSection
	GlobalSection(NestedProjects) = preSolution
		{01AA53DF-52DF-49CC-8E75-A0BFD53BB07D} = {385D56F7-460E-4A5C-868C-C9DF31A7E5A0}
		{71AAC782-B039-49E8-A143-5E7FD1D8BACD} = {385D56F7-460E-4A5C-868C-C9DF31A7E5A0}
		{05115266-1A44-417F-A734-16B71980B399} = {D5B11A46-0DFF-4812-9803-D6B14A873DCC}
		{81E4749A-B718-4FD9-A86A-BAD02323E11E} = {05115266-1A44-417F-A734-16B71980B399}
		{11644E84-EC56-421C-88CD-28496B975E72} = {05115266-1A44-417F-A734-16B71980B399}
		{4E624AAD-3F74-4201-94E1-D83DA4449B81} = {D5B11A46-0DFF-4812-9803-D6B14A873DCC}
		{02E186B4-FB8C-45C1-9724-D84AAE25E5DF} = {4E624AAD-3F74-4201-94E1-D83DA4449B81}
		{3047F2B1-AF15-46E4-B0A1-59FB9F35572B} = {6476B3E9-F8AA-46F6-A292-BC267A6ED53B}
		{EB9B0B67-25B5-487B-9ADC-7F0316468788} = {6476B3E9-F8AA-46F6-A292-BC267A6ED53B}
		{062A7C59-A19A-4666-A051-4C19B16A282F} = {37683B27-A13E-473F-A455-907A0F8760F7}
		{ADDCE14A-9314-47DD-9213-59E3B2A4963A} = {37683B27-A13E-473F-A455-907A0F8760F7}
		{EA2E55DB-A465-4BD8-8CC7-8A6A3127CBE8} = {37683B27-A13E-473F-A455-907A0F8760F7}
		{9E6CB102-BBD7-4D2B-A148-405630C4F94E} = {D99B1C03-1D77-4A37-B746-C6BA170FCF1F}
		{B95ADCAA-4667-45C2-8491-DA5CE8E3DA0F} = {D99B1C03-1D77-4A37-B746-C6BA170FCF1F}
		{B492407B-472C-48B8-AADD-9ACA57721498} = {644D776E-C4D2-4CAE-B732-8BBFEDA24FF1}
		{E137A69D-5154-4B18-9D01-D3D356609F88} = {B492407B-472C-48B8-AADD-9ACA57721498}
		{C429D54E-3FD8-4D60-B03B-F3301E585451} = {B492407B-472C-48B8-AADD-9ACA57721498}
		{127AE44E-9F01-4420-ABA7-D402B6F18CEE} = {644D776E-C4D2-4CAE-B732-8BBFEDA24FF1}
		{722C7941-2786-49BF-A864-102CD717CD42} = {127AE44E-9F01-4420-ABA7-D402B6F18CEE}
		{26C03A02-106A-4BB1-80DF-097C41EAA563} = {127AE44E-9F01-4420-ABA7-D402B6F18CEE}
		{748D093E-D1B2-490C-B8C4-DCA2B731BDFB} = {28F100B8-9550-4441-B2BF-DC733606F91B}
		{EEFDFF24-1FFE-474B-AAE6-119A587E42A2} = {28F100B8-9550-4441-B2BF-DC733606F91B}
		{9C8CBAE0-089E-48B0-AD9B-BEB55C0BAC92} = {D5D7E724-CB88-4009-B354-CCDFE09A0DAC}
		{0A0A20F0-2E5A-44FA-A46E-9F91475691D9} = {9C8CBAE0-089E-48B0-AD9B-BEB55C0BAC92}
		{B029B9FE-346C-4BBF-9BF6-9288285E7E01} = {9C8CBAE0-089E-48B0-AD9B-BEB55C0BAC92}
		{8FEA9E5C-0FF5-405B-9CA0-24C98E6C7928} = {D5D7E724-CB88-4009-B354-CCDFE09A0DAC}
		{0E789D21-6D22-4927-9B09-1437AA9CF505} = {8FEA9E5C-0FF5-405B-9CA0-24C98E6C7928}
		{B84802CA-9F73-476A-BA44-26918747DEB9} = {8FEA9E5C-0FF5-405B-9CA0-24C98E6C7928}
		{57ECB32A-C4D5-45DF-BFD2-4F03E49FEF22} = {D5D7E724-CB88-4009-B354-CCDFE09A0DAC}
		{89924DDC-DD1D-4C2B-A22E-EE4692A58757} = {57ECB32A-C4D5-45DF-BFD2-4F03E49FEF22}
		{95230E9D-7D5F-46E9-91A6-115D53D249AC} = {57ECB32A-C4D5-45DF-BFD2-4F03E49FEF22}
		{6E2E6DCF-98F7-485C-B3FC-A72571F7CFAA} = {0B54DB3A-D377-4E82-87F3-28292A2F495A}
		{6FD3EEF5-A3F7-4D7E-A5E9-A0AED24A161D} = {0B54DB3A-D377-4E82-87F3-28292A2F495A}
		{54092ABC-AAB8-4ECB-801B-F4E1E7287ABB} = {53544359-33B1-4FFC-BCBC-3CE3C61C3345}
		{2416C816-C3C5-4485-A06F-1166B7DCFEB4} = {53544359-33B1-4FFC-BCBC-3CE3C61C3345}
		{DBA322E6-0254-4392-AB40-4CADC171E4FE} = {CA3E3473-738C-4702-AE42-2819F72ACDA1}
		{EC3D01A6-A4AB-4FAE-840A-14DB88AC58C9} = {CA3E3473-738C-4702-AE42-2819F72ACDA1}
		{80BCD544-8FAA-4C72-9581-B2FE3159ED7F} = {EE0630D1-8DF4-40E1-8C60-077F1F6B7CB6}
		{DE6F454D-59A4-48F7-92A2-334E33461EC4} = {EE0630D1-8DF4-40E1-8C60-077F1F6B7CB6}
	EndGlobalSection
	GlobalSection(ExtensibilityGlobals) = postSolution
		SolutionGuid = {642FC8EA-93DA-48D6-8ED3-A91DFFBB538F}
	EndGlobalSection
EndGlobal
