
Microsoft Visual Studio Solution File, Format Version 12.00
# Visual Studio 15
VisualStudioVersion = 15.0.28010.0
MinimumVisualStudioVersion = 10.0.40219.1
Project("{FAE04EC0-301F-11D3-BF4B-00C04F79EFBC}") = "MarkSFrancis.AspNet.Modals", "MarkSFrancis.AspNet.Modals\MarkSFrancis.AspNet.Modals.csproj", "{9A59E360-31F3-40C3-93C0-497A5A5D99ED}"
EndProject
Global
	GlobalSection(SolutionConfigurationPlatforms) = preSolution
		Debug|Any CPU = Debug|Any CPU
		Release|Any CPU = Release|Any CPU
	EndGlobalSection
	GlobalSection(ProjectConfigurationPlatforms) = postSolution
		{9A59E360-31F3-40C3-93C0-497A5A5D99ED}.Debug|Any CPU.ActiveCfg = Debug|Any CPU
		{9A59E360-31F3-40C3-93C0-497A5A5D99ED}.Debug|Any CPU.Build.0 = Debug|Any CPU
		{9A59E360-31F3-40C3-93C0-497A5A5D99ED}.Release|Any CPU.ActiveCfg = Release|Any CPU
		{9A59E360-31F3-40C3-93C0-497A5A5D99ED}.Release|Any CPU.Build.0 = Release|Any CPU
	EndGlobalSection
	GlobalSection(SolutionProperties) = preSolution
		HideSolutionNode = FALSE
	EndGlobalSection
	GlobalSection(ExtensibilityGlobals) = postSolution
		SolutionGuid = {6B35C325-A4EA-436D-B5DF-71042E8887F4}
	EndGlobalSection
EndGlobal
