
Microsoft Visual Studio Solution File, Format Version 12.00
# Visual Studio 15
VisualStudioVersion = 15.0.28010.0
MinimumVisualStudioVersion = 10.0.40219.1
Project("{9A19103F-16F7-4668-BE54-9A1E7A4F7556}") = "Phnx.AspNetCore.Modals", "Phnx.AspNetCore.Modals\Phnx.AspNetCore.Modals.csproj", "{D1F29AAE-B74F-4BBB-A99A-BC5FB5E611F4}"
EndProject
Global
	GlobalSection(SolutionConfigurationPlatforms) = preSolution
		Debug|Any CPU = Debug|Any CPU
		Release|Any CPU = Release|Any CPU
	EndGlobalSection
	GlobalSection(ProjectConfigurationPlatforms) = postSolution
		{D1F29AAE-B74F-4BBB-A99A-BC5FB5E611F4}.Debug|Any CPU.ActiveCfg = Debug|Any CPU
		{D1F29AAE-B74F-4BBB-A99A-BC5FB5E611F4}.Debug|Any CPU.Build.0 = Debug|Any CPU
		{D1F29AAE-B74F-4BBB-A99A-BC5FB5E611F4}.Release|Any CPU.ActiveCfg = Release|Any CPU
		{D1F29AAE-B74F-4BBB-A99A-BC5FB5E611F4}.Release|Any CPU.Build.0 = Release|Any CPU
	EndGlobalSection
	GlobalSection(SolutionProperties) = preSolution
		HideSolutionNode = FALSE
	EndGlobalSection
	GlobalSection(ExtensibilityGlobals) = postSolution
		SolutionGuid = {9B9E2334-6D46-414E-980B-24CF7A568CA9}
	EndGlobalSection
EndGlobal
