
Microsoft Visual Studio Solution File, Format Version 12.00
# Visual Studio 15
VisualStudioVersion = 15.0.28010.0
MinimumVisualStudioVersion = 10.0.40219.1
Project("{9A19103F-16F7-4668-BE54-9A1E7A4F7556}") = "MarkSFrancis.Web", "MarkSFrancis.Web\MarkSFrancis.Web.csproj", "{384BABAC-B53C-4A55-8648-6CB0676BB399}"
EndProject
Project("{9A19103F-16F7-4668-BE54-9A1E7A4F7556}") = "MarkSFrancis.Web.Tests", "MarkSFrancis.Web.Tests\MarkSFrancis.Web.Tests.csproj", "{FA1908C7-D0A8-4155-A1ED-0E3579BA3549}"
EndProject
Global
	GlobalSection(SolutionConfigurationPlatforms) = preSolution
		Debug|Any CPU = Debug|Any CPU
		Release|Any CPU = Release|Any CPU
	EndGlobalSection
	GlobalSection(ProjectConfigurationPlatforms) = postSolution
		{384BABAC-B53C-4A55-8648-6CB0676BB399}.Debug|Any CPU.ActiveCfg = Debug|Any CPU
		{384BABAC-B53C-4A55-8648-6CB0676BB399}.Debug|Any CPU.Build.0 = Debug|Any CPU
		{384BABAC-B53C-4A55-8648-6CB0676BB399}.Release|Any CPU.ActiveCfg = Release|Any CPU
		{384BABAC-B53C-4A55-8648-6CB0676BB399}.Release|Any CPU.Build.0 = Release|Any CPU
		{FA1908C7-D0A8-4155-A1ED-0E3579BA3549}.Debug|Any CPU.ActiveCfg = Debug|Any CPU
		{FA1908C7-D0A8-4155-A1ED-0E3579BA3549}.Debug|Any CPU.Build.0 = Debug|Any CPU
		{FA1908C7-D0A8-4155-A1ED-0E3579BA3549}.Release|Any CPU.ActiveCfg = Release|Any CPU
		{FA1908C7-D0A8-4155-A1ED-0E3579BA3549}.Release|Any CPU.Build.0 = Release|Any CPU
	EndGlobalSection
	GlobalSection(SolutionProperties) = preSolution
		HideSolutionNode = FALSE
	EndGlobalSection
	GlobalSection(ExtensibilityGlobals) = postSolution
		SolutionGuid = {7076B5BA-B733-4242-A16A-172A821D2B7D}
	EndGlobalSection
EndGlobal
