
Microsoft Visual Studio Solution File, Format Version 12.00
# Visual Studio 15
VisualStudioVersion = 15.0.28010.0
MinimumVisualStudioVersion = 10.0.40219.1
Project("{FAE04EC0-301F-11D3-BF4B-00C04F79EFBC}") = "Phnx.Windows.Drawing", "Phnx.Windows.Drawing\Phnx.Windows.Drawing.csproj", "{89D91D7D-5FBE-419D-ADE1-D4501CAAF352}"
EndProject
Project("{FAE04EC0-301F-11D3-BF4B-00C04F79EFBC}") = "Phnx.Windows.Drawing.Tests", "Phnx.Windows.Drawing.Tests\Phnx.Windows.Drawing.Tests.csproj", "{430B367A-194E-41D5-A41B-DA29B2DA61A3}"
EndProject
Global
	GlobalSection(SolutionConfigurationPlatforms) = preSolution
		Debug|Any CPU = Debug|Any CPU
		Release|Any CPU = Release|Any CPU
	EndGlobalSection
	GlobalSection(ProjectConfigurationPlatforms) = postSolution
		{89D91D7D-5FBE-419D-ADE1-D4501CAAF352}.Debug|Any CPU.ActiveCfg = Debug|Any CPU
		{89D91D7D-5FBE-419D-ADE1-D4501CAAF352}.Debug|Any CPU.Build.0 = Debug|Any CPU
		{89D91D7D-5FBE-419D-ADE1-D4501CAAF352}.Release|Any CPU.ActiveCfg = Release|Any CPU
		{89D91D7D-5FBE-419D-ADE1-D4501CAAF352}.Release|Any CPU.Build.0 = Release|Any CPU
		{430B367A-194E-41D5-A41B-DA29B2DA61A3}.Debug|Any CPU.ActiveCfg = Debug|Any CPU
		{430B367A-194E-41D5-A41B-DA29B2DA61A3}.Debug|Any CPU.Build.0 = Debug|Any CPU
		{430B367A-194E-41D5-A41B-DA29B2DA61A3}.Release|Any CPU.ActiveCfg = Release|Any CPU
		{430B367A-194E-41D5-A41B-DA29B2DA61A3}.Release|Any CPU.Build.0 = Release|Any CPU
	EndGlobalSection
	GlobalSection(SolutionProperties) = preSolution
		HideSolutionNode = FALSE
	EndGlobalSection
	GlobalSection(ExtensibilityGlobals) = postSolution
		SolutionGuid = {E2DDF649-3898-4B4D-9DCB-A3DD6D0DF795}
	EndGlobalSection
EndGlobal
