
Microsoft Visual Studio Solution File, Format Version 12.00
# Visual Studio 15
VisualStudioVersion = 15.0.28010.0
MinimumVisualStudioVersion = 10.0.40219.1
Project("{9A19103F-16F7-4668-BE54-9A1E7A4F7556}") = "MarkSFrancis.Drawing", "MarkSFrancis.Drawing\MarkSFrancis.Drawing.csproj", "{71F435BB-0BFB-4508-A2CE-D87965535BD3}"
EndProject
Project("{9A19103F-16F7-4668-BE54-9A1E7A4F7556}") = "MarkSFrancis.Drawing.Tests", "MarkSFrancis.Drawing.Tests\MarkSFrancis.Drawing.Tests.csproj", "{0E033DED-A188-41C6-ADA4-4D35410A78E1}"
EndProject
Global
	GlobalSection(SolutionConfigurationPlatforms) = preSolution
		Debug|Any CPU = Debug|Any CPU
		Release|Any CPU = Release|Any CPU
	EndGlobalSection
	GlobalSection(ProjectConfigurationPlatforms) = postSolution
		{71F435BB-0BFB-4508-A2CE-D87965535BD3}.Debug|Any CPU.ActiveCfg = Debug|Any CPU
		{71F435BB-0BFB-4508-A2CE-D87965535BD3}.Debug|Any CPU.Build.0 = Debug|Any CPU
		{71F435BB-0BFB-4508-A2CE-D87965535BD3}.Release|Any CPU.ActiveCfg = Release|Any CPU
		{71F435BB-0BFB-4508-A2CE-D87965535BD3}.Release|Any CPU.Build.0 = Release|Any CPU
		{0E033DED-A188-41C6-ADA4-4D35410A78E1}.Debug|Any CPU.ActiveCfg = Debug|Any CPU
		{0E033DED-A188-41C6-ADA4-4D35410A78E1}.Debug|Any CPU.Build.0 = Debug|Any CPU
		{0E033DED-A188-41C6-ADA4-4D35410A78E1}.Release|Any CPU.ActiveCfg = Release|Any CPU
		{0E033DED-A188-41C6-ADA4-4D35410A78E1}.Release|Any CPU.Build.0 = Release|Any CPU
	EndGlobalSection
	GlobalSection(SolutionProperties) = preSolution
		HideSolutionNode = FALSE
	EndGlobalSection
	GlobalSection(ExtensibilityGlobals) = postSolution
		SolutionGuid = {80C4B861-F724-45C3-83DC-6333D7F15BD2}
	EndGlobalSection
EndGlobal
